
Microsoft Visual Studio Solution File, Format Version 12.00
# Visual Studio Version 17
VisualStudioVersion = 17.5.002.0
MinimumVisualStudioVersion = 10.0.40219.1
Project("{9A19103F-16F7-4668-BE54-9A1E7A4F7556}") = "Spectre.Console", "Spectre.Console.csproj", "{7F082C13-9824-406F-B54E-078D76DE0B0B}"
EndProject
Global
	GlobalSection(SolutionConfigurationPlatforms) = preSolution
		Debug|Any CPU = Debug|Any CPU
		Release|Any CPU = Release|Any CPU
	EndGlobalSection
	GlobalSection(ProjectConfigurationPlatforms) = postSolution
		{7F082C13-9824-406F-B54E-078D76DE0B0B}.Debug|Any CPU.ActiveCfg = Debug|Any CPU
		{7F082C13-9824-406F-B54E-078D76DE0B0B}.Debug|Any CPU.Build.0 = Debug|Any CPU
		{7F082C13-9824-406F-B54E-078D76DE0B0B}.Release|Any CPU.ActiveCfg = Release|Any CPU
		{7F082C13-9824-406F-B54E-078D76DE0B0B}.Release|Any CPU.Build.0 = Release|Any CPU
	EndGlobalSection
	GlobalSection(SolutionProperties) = preSolution
		HideSolutionNode = FALSE
	EndGlobalSection
	GlobalSection(ExtensibilityGlobals) = postSolution
		SolutionGuid = {B97DD650-0EB4-49D2-9E2A-B458E75C1673}
	EndGlobalSection
EndGlobal
