
Microsoft Visual Studio Solution File, Format Version 12.00
# Visual Studio Version 17
VisualStudioVersion = 17.3.32922.545
MinimumVisualStudioVersion = 15.0.26124.0
Project("{9A19103F-16F7-4668-BE54-9A1E7A4F7556}") = "Generator", "Generator.csproj", "{5668D267-53E3-4B99-97AE-59AA597D22ED}"
EndProject
Project("{9A19103F-16F7-4668-BE54-9A1E7A4F7556}") = "Spectre.Console", "..\..\..\src\Spectre.Console\Spectre.Console.csproj", "{F75B882A-06DB-426B-9580-A7302D32E684}"
EndProject
Project("{9A19103F-16F7-4668-BE54-9A1E7A4F7556}") = "Spectre.Console.ImageSharp", "..\..\..\src\Spectre.Console.ImageSharp\Spectre.Console.ImageSharp.csproj", "{112A37CB-1EFE-4A90-BD5B-5437038BE276}"
EndProject
Project("{2150E333-8FDC-42A3-9474-1A3956D46DE8}") = "Library", "Library", "{CFE7445D-F971-429D-B6E6-9E68456AE00F}"
EndProject
Project("{9A19103F-16F7-4668-BE54-9A1E7A4F7556}") = "Spectre.Console.Cli", "..\..\..\src\Spectre.Console.Cli\Spectre.Console.Cli.csproj", "{18A3F32D-FECD-463B-A194-6EE74EA9E5EC}"
EndProject
Global
	GlobalSection(SolutionConfigurationPlatforms) = preSolution
		Debug|Any CPU = Debug|Any CPU
		Debug|x64 = Debug|x64
		Debug|x86 = Debug|x86
		Release|Any CPU = Release|Any CPU
		Release|x64 = Release|x64
		Release|x86 = Release|x86
	EndGlobalSection
	GlobalSection(ProjectConfigurationPlatforms) = postSolution
		{5668D267-53E3-4B99-97AE-59AA597D22ED}.Debug|Any CPU.ActiveCfg = Debug|Any CPU
		{5668D267-53E3-4B99-97AE-59AA597D22ED}.Debug|Any CPU.Build.0 = Debug|Any CPU
		{5668D267-53E3-4B99-97AE-59AA597D22ED}.Debug|x64.ActiveCfg = Debug|Any CPU
		{5668D267-53E3-4B99-97AE-59AA597D22ED}.Debug|x64.Build.0 = Debug|Any CPU
		{5668D267-53E3-4B99-97AE-59AA597D22ED}.Debug|x86.ActiveCfg = Debug|Any CPU
		{5668D267-53E3-4B99-97AE-59AA597D22ED}.Debug|x86.Build.0 = Debug|Any CPU
		{5668D267-53E3-4B99-97AE-59AA597D22ED}.Release|Any CPU.ActiveCfg = Release|Any CPU
		{5668D267-53E3-4B99-97AE-59AA597D22ED}.Release|Any CPU.Build.0 = Release|Any CPU
		{5668D267-53E3-4B99-97AE-59AA597D22ED}.Release|x64.ActiveCfg = Release|Any CPU
		{5668D267-53E3-4B99-97AE-59AA597D22ED}.Release|x64.Build.0 = Release|Any CPU
		{5668D267-53E3-4B99-97AE-59AA597D22ED}.Release|x86.ActiveCfg = Release|Any CPU
		{5668D267-53E3-4B99-97AE-59AA597D22ED}.Release|x86.Build.0 = Release|Any CPU
		{F75B882A-06DB-426B-9580-A7302D32E684}.Debug|Any CPU.ActiveCfg = Debug|Any CPU
		{F75B882A-06DB-426B-9580-A7302D32E684}.Debug|Any CPU.Build.0 = Debug|Any CPU
		{F75B882A-06DB-426B-9580-A7302D32E684}.Debug|x64.ActiveCfg = Debug|Any CPU
		{F75B882A-06DB-426B-9580-A7302D32E684}.Debug|x64.Build.0 = Debug|Any CPU
		{F75B882A-06DB-426B-9580-A7302D32E684}.Debug|x86.ActiveCfg = Debug|Any CPU
		{F75B882A-06DB-426B-9580-A7302D32E684}.Debug|x86.Build.0 = Debug|Any CPU
		{F75B882A-06DB-426B-9580-A7302D32E684}.Release|Any CPU.ActiveCfg = Release|Any CPU
		{F75B882A-06DB-426B-9580-A7302D32E684}.Release|Any CPU.Build.0 = Release|Any CPU
		{F75B882A-06DB-426B-9580-A7302D32E684}.Release|x64.ActiveCfg = Release|Any CPU
		{F75B882A-06DB-426B-9580-A7302D32E684}.Release|x64.Build.0 = Release|Any CPU
		{F75B882A-06DB-426B-9580-A7302D32E684}.Release|x86.ActiveCfg = Release|Any CPU
		{F75B882A-06DB-426B-9580-A7302D32E684}.Release|x86.Build.0 = Release|Any CPU
		{112A37CB-1EFE-4A90-BD5B-5437038BE276}.Debug|Any CPU.ActiveCfg = Debug|Any CPU
		{112A37CB-1EFE-4A90-BD5B-5437038BE276}.Debug|Any CPU.Build.0 = Debug|Any CPU
		{112A37CB-1EFE-4A90-BD5B-5437038BE276}.Debug|x64.ActiveCfg = Debug|Any CPU
		{112A37CB-1EFE-4A90-BD5B-5437038BE276}.Debug|x64.Build.0 = Debug|Any CPU
		{112A37CB-1EFE-4A90-BD5B-5437038BE276}.Debug|x86.ActiveCfg = Debug|Any CPU
		{112A37CB-1EFE-4A90-BD5B-5437038BE276}.Debug|x86.Build.0 = Debug|Any CPU
		{112A37CB-1EFE-4A90-BD5B-5437038BE276}.Release|Any CPU.ActiveCfg = Release|Any CPU
		{112A37CB-1EFE-4A90-BD5B-5437038BE276}.Release|Any CPU.Build.0 = Release|Any CPU
		{112A37CB-1EFE-4A90-BD5B-5437038BE276}.Release|x64.ActiveCfg = Release|Any CPU
		{112A37CB-1EFE-4A90-BD5B-5437038BE276}.Release|x64.Build.0 = Release|Any CPU
		{112A37CB-1EFE-4A90-BD5B-5437038BE276}.Release|x86.ActiveCfg = Release|Any CPU
		{112A37CB-1EFE-4A90-BD5B-5437038BE276}.Release|x86.Build.0 = Release|Any CPU
		{18A3F32D-FECD-463B-A194-6EE74EA9E5EC}.Debug|Any CPU.ActiveCfg = Debug|Any CPU
		{18A3F32D-FECD-463B-A194-6EE74EA9E5EC}.Debug|Any CPU.Build.0 = Debug|Any CPU
		{18A3F32D-FECD-463B-A194-6EE74EA9E5EC}.Debug|x64.ActiveCfg = Debug|Any CPU
		{18A3F32D-FECD-463B-A194-6EE74EA9E5EC}.Debug|x64.Build.0 = Debug|Any CPU
		{18A3F32D-FECD-463B-A194-6EE74EA9E5EC}.Debug|x86.ActiveCfg = Debug|Any CPU
		{18A3F32D-FECD-463B-A194-6EE74EA9E5EC}.Debug|x86.Build.0 = Debug|Any CPU
		{18A3F32D-FECD-463B-A194-6EE74EA9E5EC}.Release|Any CPU.ActiveCfg = Release|Any CPU
		{18A3F32D-FECD-463B-A194-6EE74EA9E5EC}.Release|Any CPU.Build.0 = Release|Any CPU
		{18A3F32D-FECD-463B-A194-6EE74EA9E5EC}.Release|x64.ActiveCfg = Release|Any CPU
		{18A3F32D-FECD-463B-A194-6EE74EA9E5EC}.Release|x64.Build.0 = Release|Any CPU
		{18A3F32D-FECD-463B-A194-6EE74EA9E5EC}.Release|x86.ActiveCfg = Release|Any CPU
		{18A3F32D-FECD-463B-A194-6EE74EA9E5EC}.Release|x86.Build.0 = Release|Any CPU
	EndGlobalSection
	GlobalSection(SolutionProperties) = preSolution
		HideSolutionNode = FALSE
	EndGlobalSection
	GlobalSection(NestedProjects) = preSolution
		{F75B882A-06DB-426B-9580-A7302D32E684} = {CFE7445D-F971-429D-B6E6-9E68456AE00F}
		{112A37CB-1EFE-4A90-BD5B-5437038BE276} = {CFE7445D-F971-429D-B6E6-9E68456AE00F}
		{18A3F32D-FECD-463B-A194-6EE74EA9E5EC} = {CFE7445D-F971-429D-B6E6-9E68456AE00F}
	EndGlobalSection
	GlobalSection(ExtensibilityGlobals) = postSolution
		SolutionGuid = {5F37FDE3-D591-4D43-8DDE-2ED6BAB0A7B4}
	EndGlobalSection
EndGlobal
