<Solution>
  <Configurations>
    <Platform Name="Any CPU" />
    <Platform Name="x64" />
    <Platform Name="x86" />
  </Configurations>
  <Folder Name="/Library/">
    <Project Path="../../../src/Extensions/Spectre.Console.ImageSharp/Spectre.Console.ImageSharp.csproj" />
    <Project Path="../../../src/Extensions/Spectre.Console.Json/Spectre.Console.Json.csproj" />
    <Project Path="../../../src/Spectre.Console/Spectre.Console.csproj" />
  </Folder>
  <Project Path="Generator.csproj" />
</Solution>