
Microsoft Visual Studio Solution File, Format Version 12.00
# Visual Studio Version 16
VisualStudioVersion = 16.0.30320.27
MinimumVisualStudioVersion = 15.0.26124.0
Project("{9A19103F-16F7-4668-BE54-9A1E7A4F7556}") = "Generator", "Generator.csproj", "{5668D267-53E3-4B99-97AE-59AA597D22ED}"
EndProject
Global
	GlobalSection(SolutionConfigurationPlatforms) = preSolution
		Debug|Any CPU = Debug|Any CPU
		Debug|x64 = Debug|x64
		Debug|x86 = Debug|x86
		Release|Any CPU = Release|Any CPU
		Release|x64 = Release|x64
		Release|x86 = Release|x86
	EndGlobalSection
	GlobalSection(ProjectConfigurationPlatforms) = postSolution
		{5668D267-53E3-4B99-97AE-59AA597D22ED}.Debug|Any CPU.ActiveCfg = Debug|Any CPU
		{5668D267-53E3-4B99-97AE-59AA597D22ED}.Debug|Any CPU.Build.0 = Debug|Any CPU
		{5668D267-53E3-4B99-97AE-59AA597D22ED}.Debug|x64.ActiveCfg = Debug|Any CPU
		{5668D267-53E3-4B99-97AE-59AA597D22ED}.Debug|x64.Build.0 = Debug|Any CPU
		{5668D267-53E3-4B99-97AE-59AA597D22ED}.Debug|x86.ActiveCfg = Debug|Any CPU
		{5668D267-53E3-4B99-97AE-59AA597D22ED}.Debug|x86.Build.0 = Debug|Any CPU
		{5668D267-53E3-4B99-97AE-59AA597D22ED}.Release|Any CPU.ActiveCfg = Release|Any CPU
		{5668D267-53E3-4B99-97AE-59AA597D22ED}.Release|Any CPU.Build.0 = Release|Any CPU
		{5668D267-53E3-4B99-97AE-59AA597D22ED}.Release|x64.ActiveCfg = Release|Any CPU
		{5668D267-53E3-4B99-97AE-59AA597D22ED}.Release|x64.Build.0 = Release|Any CPU
		{5668D267-53E3-4B99-97AE-59AA597D22ED}.Release|x86.ActiveCfg = Release|Any CPU
		{5668D267-53E3-4B99-97AE-59AA597D22ED}.Release|x86.Build.0 = Release|Any CPU
	EndGlobalSection
	GlobalSection(SolutionProperties) = preSolution
		HideSolutionNode = FALSE
	EndGlobalSection
	GlobalSection(ExtensibilityGlobals) = postSolution
		SolutionGuid = {5F37FDE3-D591-4D43-8DDE-2ED6BAB0A7B4}
	EndGlobalSection
EndGlobal
