
Microsoft Visual Studio Solution File, Format Version 12.00
# Visual Studio Version 16
VisualStudioVersion = 16.0.30225.117
MinimumVisualStudioVersion = 15.0.26124.0
Project("{9A19103F-16F7-4668-BE54-9A1E7A4F7556}") = "Spectre.Console", "Spectre.Console\Spectre.Console.csproj", "{80DCBEF3-99D6-46C0-9C5B-42B4534D9113}"
EndProject
Project("{9A19103F-16F7-4668-BE54-9A1E7A4F7556}") = "Spectre.Console.Tests", "Spectre.Console.Tests\Spectre.Console.Tests.csproj", "{9F1AC4C1-766E-4421-8A78-B28F5BCDD94F}"
EndProject
Project("{2150E333-8FDC-42A3-9474-1A3956D46DE8}") = "Solution Items", "Solution Items", "{20595AD4-8D75-4AF8-B6BC-9C38C160423F}"
	ProjectSection(SolutionItems) = preProject
		.editorconfig = .editorconfig
		Directory.Build.props = Directory.Build.props
		Directory.Build.targets = Directory.Build.targets
		stylecop.json = stylecop.json
	EndProjectSection
EndProject
Project("{2150E333-8FDC-42A3-9474-1A3956D46DE8}") = "Examples", "Examples", "{F0575243-121F-4DEE-9F6B-246E26DC0844}"
EndProject
Project("{9A19103F-16F7-4668-BE54-9A1E7A4F7556}") = "Table", "..\examples\Table\Table.csproj", "{94ECCBA8-7EBF-4B53-8379-52EB2327417E}"
EndProject
Project("{9A19103F-16F7-4668-BE54-9A1E7A4F7556}") = "Panel", "..\examples\Panel\Panel.csproj", "{BFF37228-B376-4ADD-9657-4E501F929713}"
EndProject
Project("{9A19103F-16F7-4668-BE54-9A1E7A4F7556}") = "Grid", "..\examples\Grid\Grid.csproj", "{C7FF6FDB-FB59-4517-8669-521C96AB7323}"
EndProject
Project("{9A19103F-16F7-4668-BE54-9A1E7A4F7556}") = "Colors", "..\examples\Colors\Colors.csproj", "{1F51C55C-BA4C-4856-9001-0F7924FFB179}"
EndProject
Project("{9A19103F-16F7-4668-BE54-9A1E7A4F7556}") = "Diagnostic", "..\examples\Diagnostic\Diagnostic.csproj", "{4337F255-88E9-4408-81A3-DF1AF58AC753}"
EndProject
Global
	GlobalSection(SolutionConfigurationPlatforms) = preSolution
		Debug|Any CPU = Debug|Any CPU
		Debug|x64 = Debug|x64
		Debug|x86 = Debug|x86
		Release|Any CPU = Release|Any CPU
		Release|x64 = Release|x64
		Release|x86 = Release|x86
	EndGlobalSection
	GlobalSection(ProjectConfigurationPlatforms) = postSolution
		{80DCBEF3-99D6-46C0-9C5B-42B4534D9113}.Debug|Any CPU.ActiveCfg = Debug|Any CPU
		{80DCBEF3-99D6-46C0-9C5B-42B4534D9113}.Debug|Any CPU.Build.0 = Debug|Any CPU
		{80DCBEF3-99D6-46C0-9C5B-42B4534D9113}.Debug|x64.ActiveCfg = Debug|Any CPU
		{80DCBEF3-99D6-46C0-9C5B-42B4534D9113}.Debug|x64.Build.0 = Debug|Any CPU
		{80DCBEF3-99D6-46C0-9C5B-42B4534D9113}.Debug|x86.ActiveCfg = Debug|Any CPU
		{80DCBEF3-99D6-46C0-9C5B-42B4534D9113}.Debug|x86.Build.0 = Debug|Any CPU
		{80DCBEF3-99D6-46C0-9C5B-42B4534D9113}.Release|Any CPU.ActiveCfg = Release|Any CPU
		{80DCBEF3-99D6-46C0-9C5B-42B4534D9113}.Release|Any CPU.Build.0 = Release|Any CPU
		{80DCBEF3-99D6-46C0-9C5B-42B4534D9113}.Release|x64.ActiveCfg = Release|Any CPU
		{80DCBEF3-99D6-46C0-9C5B-42B4534D9113}.Release|x64.Build.0 = Release|Any CPU
		{80DCBEF3-99D6-46C0-9C5B-42B4534D9113}.Release|x86.ActiveCfg = Release|Any CPU
		{80DCBEF3-99D6-46C0-9C5B-42B4534D9113}.Release|x86.Build.0 = Release|Any CPU
		{9F1AC4C1-766E-4421-8A78-B28F5BCDD94F}.Debug|Any CPU.ActiveCfg = Debug|Any CPU
		{9F1AC4C1-766E-4421-8A78-B28F5BCDD94F}.Debug|Any CPU.Build.0 = Debug|Any CPU
		{9F1AC4C1-766E-4421-8A78-B28F5BCDD94F}.Debug|x64.ActiveCfg = Debug|Any CPU
		{9F1AC4C1-766E-4421-8A78-B28F5BCDD94F}.Debug|x64.Build.0 = Debug|Any CPU
		{9F1AC4C1-766E-4421-8A78-B28F5BCDD94F}.Debug|x86.ActiveCfg = Debug|Any CPU
		{9F1AC4C1-766E-4421-8A78-B28F5BCDD94F}.Debug|x86.Build.0 = Debug|Any CPU
		{9F1AC4C1-766E-4421-8A78-B28F5BCDD94F}.Release|Any CPU.ActiveCfg = Release|Any CPU
		{9F1AC4C1-766E-4421-8A78-B28F5BCDD94F}.Release|Any CPU.Build.0 = Release|Any CPU
		{9F1AC4C1-766E-4421-8A78-B28F5BCDD94F}.Release|x64.ActiveCfg = Release|Any CPU
		{9F1AC4C1-766E-4421-8A78-B28F5BCDD94F}.Release|x64.Build.0 = Release|Any CPU
		{9F1AC4C1-766E-4421-8A78-B28F5BCDD94F}.Release|x86.ActiveCfg = Release|Any CPU
		{9F1AC4C1-766E-4421-8A78-B28F5BCDD94F}.Release|x86.Build.0 = Release|Any CPU
		{94ECCBA8-7EBF-4B53-8379-52EB2327417E}.Debug|Any CPU.ActiveCfg = Debug|Any CPU
		{94ECCBA8-7EBF-4B53-8379-52EB2327417E}.Debug|Any CPU.Build.0 = Debug|Any CPU
		{94ECCBA8-7EBF-4B53-8379-52EB2327417E}.Debug|x64.ActiveCfg = Debug|Any CPU
		{94ECCBA8-7EBF-4B53-8379-52EB2327417E}.Debug|x64.Build.0 = Debug|Any CPU
		{94ECCBA8-7EBF-4B53-8379-52EB2327417E}.Debug|x86.ActiveCfg = Debug|Any CPU
		{94ECCBA8-7EBF-4B53-8379-52EB2327417E}.Debug|x86.Build.0 = Debug|Any CPU
		{94ECCBA8-7EBF-4B53-8379-52EB2327417E}.Release|Any CPU.ActiveCfg = Release|Any CPU
		{94ECCBA8-7EBF-4B53-8379-52EB2327417E}.Release|Any CPU.Build.0 = Release|Any CPU
		{94ECCBA8-7EBF-4B53-8379-52EB2327417E}.Release|x64.ActiveCfg = Release|Any CPU
		{94ECCBA8-7EBF-4B53-8379-52EB2327417E}.Release|x64.Build.0 = Release|Any CPU
		{94ECCBA8-7EBF-4B53-8379-52EB2327417E}.Release|x86.ActiveCfg = Release|Any CPU
		{94ECCBA8-7EBF-4B53-8379-52EB2327417E}.Release|x86.Build.0 = Release|Any CPU
		{BFF37228-B376-4ADD-9657-4E501F929713}.Debug|Any CPU.ActiveCfg = Debug|Any CPU
		{BFF37228-B376-4ADD-9657-4E501F929713}.Debug|Any CPU.Build.0 = Debug|Any CPU
		{BFF37228-B376-4ADD-9657-4E501F929713}.Debug|x64.ActiveCfg = Debug|Any CPU
		{BFF37228-B376-4ADD-9657-4E501F929713}.Debug|x64.Build.0 = Debug|Any CPU
		{BFF37228-B376-4ADD-9657-4E501F929713}.Debug|x86.ActiveCfg = Debug|Any CPU
		{BFF37228-B376-4ADD-9657-4E501F929713}.Debug|x86.Build.0 = Debug|Any CPU
		{BFF37228-B376-4ADD-9657-4E501F929713}.Release|Any CPU.ActiveCfg = Release|Any CPU
		{BFF37228-B376-4ADD-9657-4E501F929713}.Release|Any CPU.Build.0 = Release|Any CPU
		{BFF37228-B376-4ADD-9657-4E501F929713}.Release|x64.ActiveCfg = Release|Any CPU
		{BFF37228-B376-4ADD-9657-4E501F929713}.Release|x64.Build.0 = Release|Any CPU
		{BFF37228-B376-4ADD-9657-4E501F929713}.Release|x86.ActiveCfg = Release|Any CPU
		{BFF37228-B376-4ADD-9657-4E501F929713}.Release|x86.Build.0 = Release|Any CPU
		{C7FF6FDB-FB59-4517-8669-521C96AB7323}.Debug|Any CPU.ActiveCfg = Debug|Any CPU
		{C7FF6FDB-FB59-4517-8669-521C96AB7323}.Debug|Any CPU.Build.0 = Debug|Any CPU
		{C7FF6FDB-FB59-4517-8669-521C96AB7323}.Debug|x64.ActiveCfg = Debug|Any CPU
		{C7FF6FDB-FB59-4517-8669-521C96AB7323}.Debug|x64.Build.0 = Debug|Any CPU
		{C7FF6FDB-FB59-4517-8669-521C96AB7323}.Debug|x86.ActiveCfg = Debug|Any CPU
		{C7FF6FDB-FB59-4517-8669-521C96AB7323}.Debug|x86.Build.0 = Debug|Any CPU
		{C7FF6FDB-FB59-4517-8669-521C96AB7323}.Release|Any CPU.ActiveCfg = Release|Any CPU
		{C7FF6FDB-FB59-4517-8669-521C96AB7323}.Release|Any CPU.Build.0 = Release|Any CPU
		{C7FF6FDB-FB59-4517-8669-521C96AB7323}.Release|x64.ActiveCfg = Release|Any CPU
		{C7FF6FDB-FB59-4517-8669-521C96AB7323}.Release|x64.Build.0 = Release|Any CPU
		{C7FF6FDB-FB59-4517-8669-521C96AB7323}.Release|x86.ActiveCfg = Release|Any CPU
		{C7FF6FDB-FB59-4517-8669-521C96AB7323}.Release|x86.Build.0 = Release|Any CPU
		{1F51C55C-BA4C-4856-9001-0F7924FFB179}.Debug|Any CPU.ActiveCfg = Debug|Any CPU
		{1F51C55C-BA4C-4856-9001-0F7924FFB179}.Debug|Any CPU.Build.0 = Debug|Any CPU
		{1F51C55C-BA4C-4856-9001-0F7924FFB179}.Debug|x64.ActiveCfg = Debug|Any CPU
		{1F51C55C-BA4C-4856-9001-0F7924FFB179}.Debug|x64.Build.0 = Debug|Any CPU
		{1F51C55C-BA4C-4856-9001-0F7924FFB179}.Debug|x86.ActiveCfg = Debug|Any CPU
		{1F51C55C-BA4C-4856-9001-0F7924FFB179}.Debug|x86.Build.0 = Debug|Any CPU
		{1F51C55C-BA4C-4856-9001-0F7924FFB179}.Release|Any CPU.ActiveCfg = Release|Any CPU
		{1F51C55C-BA4C-4856-9001-0F7924FFB179}.Release|Any CPU.Build.0 = Release|Any CPU
		{1F51C55C-BA4C-4856-9001-0F7924FFB179}.Release|x64.ActiveCfg = Release|Any CPU
		{1F51C55C-BA4C-4856-9001-0F7924FFB179}.Release|x64.Build.0 = Release|Any CPU
		{1F51C55C-BA4C-4856-9001-0F7924FFB179}.Release|x86.ActiveCfg = Release|Any CPU
		{1F51C55C-BA4C-4856-9001-0F7924FFB179}.Release|x86.Build.0 = Release|Any CPU
		{4337F255-88E9-4408-81A3-DF1AF58AC753}.Debug|Any CPU.ActiveCfg = Debug|Any CPU
		{4337F255-88E9-4408-81A3-DF1AF58AC753}.Debug|Any CPU.Build.0 = Debug|Any CPU
		{4337F255-88E9-4408-81A3-DF1AF58AC753}.Debug|x64.ActiveCfg = Debug|Any CPU
		{4337F255-88E9-4408-81A3-DF1AF58AC753}.Debug|x64.Build.0 = Debug|Any CPU
		{4337F255-88E9-4408-81A3-DF1AF58AC753}.Debug|x86.ActiveCfg = Debug|Any CPU
		{4337F255-88E9-4408-81A3-DF1AF58AC753}.Debug|x86.Build.0 = Debug|Any CPU
		{4337F255-88E9-4408-81A3-DF1AF58AC753}.Release|Any CPU.ActiveCfg = Release|Any CPU
		{4337F255-88E9-4408-81A3-DF1AF58AC753}.Release|Any CPU.Build.0 = Release|Any CPU
		{4337F255-88E9-4408-81A3-DF1AF58AC753}.Release|x64.ActiveCfg = Release|Any CPU
		{4337F255-88E9-4408-81A3-DF1AF58AC753}.Release|x64.Build.0 = Release|Any CPU
		{4337F255-88E9-4408-81A3-DF1AF58AC753}.Release|x86.ActiveCfg = Release|Any CPU
		{4337F255-88E9-4408-81A3-DF1AF58AC753}.Release|x86.Build.0 = Release|Any CPU
	EndGlobalSection
	GlobalSection(SolutionProperties) = preSolution
		HideSolutionNode = FALSE
	EndGlobalSection
	GlobalSection(NestedProjects) = preSolution
		{94ECCBA8-7EBF-4B53-8379-52EB2327417E} = {F0575243-121F-4DEE-9F6B-246E26DC0844}
		{BFF37228-B376-4ADD-9657-4E501F929713} = {F0575243-121F-4DEE-9F6B-246E26DC0844}
		{C7FF6FDB-FB59-4517-8669-521C96AB7323} = {F0575243-121F-4DEE-9F6B-246E26DC0844}
		{1F51C55C-BA4C-4856-9001-0F7924FFB179} = {F0575243-121F-4DEE-9F6B-246E26DC0844}
		{4337F255-88E9-4408-81A3-DF1AF58AC753} = {F0575243-121F-4DEE-9F6B-246E26DC0844}
	EndGlobalSection
	GlobalSection(ExtensibilityGlobals) = postSolution
		SolutionGuid = {5729B071-67A0-48FB-8B1B-275E6822086C}
	EndGlobalSection
EndGlobal
