
Microsoft Visual Studio Solution File, Format Version 12.00
# Visual Studio Version 17
VisualStudioVersion = 17.1.32414.318
MinimumVisualStudioVersion = 15.0.26124.0
Project("{9A19103F-16F7-4668-BE54-9A1E7A4F7556}") = "Spectre.Console.Cli", "Spectre.Console.Cli\Spectre.Console.Cli.csproj", "{1B67B74F-1243-4381-9A2B-86EA66D135C5}"
EndProject
Project("{9A19103F-16F7-4668-BE54-9A1E7A4F7556}") = "Spectre.Console.Cli.Tests", "Tests\Spectre.Console.Cli.Tests\Spectre.Console.Cli.Tests.csproj", "{E07C46D2-714F-4116-BADD-FEE09617A9C4}"
EndProject
Global
	GlobalSection(SolutionConfigurationPlatforms) = preSolution
		Debug|Any CPU = Debug|Any CPU
		Debug|x64 = Debug|x64
		Debug|x86 = Debug|x86
		Release|Any CPU = Release|Any CPU
		Release|x64 = Release|x64
		Release|x86 = Release|x86
	EndGlobalSection
	GlobalSection(ProjectConfigurationPlatforms) = postSolution
		{1B67B74F-1243-4381-9A2B-86EA66D135C5}.Debug|Any CPU.ActiveCfg = Debug|Any CPU
		{1B67B74F-1243-4381-9A2B-86EA66D135C5}.Debug|Any CPU.Build.0 = Debug|Any CPU
		{1B67B74F-1243-4381-9A2B-86EA66D135C5}.Debug|x64.ActiveCfg = Debug|Any CPU
		{1B67B74F-1243-4381-9A2B-86EA66D135C5}.Debug|x64.Build.0 = Debug|Any CPU
		{1B67B74F-1243-4381-9A2B-86EA66D135C5}.Debug|x86.ActiveCfg = Debug|Any CPU
		{1B67B74F-1243-4381-9A2B-86EA66D135C5}.Debug|x86.Build.0 = Debug|Any CPU
		{1B67B74F-1243-4381-9A2B-86EA66D135C5}.Release|Any CPU.ActiveCfg = Release|Any CPU
		{1B67B74F-1243-4381-9A2B-86EA66D135C5}.Release|Any CPU.Build.0 = Release|Any CPU
		{1B67B74F-1243-4381-9A2B-86EA66D135C5}.Release|x64.ActiveCfg = Release|Any CPU
		{1B67B74F-1243-4381-9A2B-86EA66D135C5}.Release|x64.Build.0 = Release|Any CPU
		{1B67B74F-1243-4381-9A2B-86EA66D135C5}.Release|x86.ActiveCfg = Release|Any CPU
		{1B67B74F-1243-4381-9A2B-86EA66D135C5}.Release|x86.Build.0 = Release|Any CPU
		{E07C46D2-714F-4116-BADD-FEE09617A9C4}.Debug|Any CPU.ActiveCfg = Debug|Any CPU
		{E07C46D2-714F-4116-BADD-FEE09617A9C4}.Debug|Any CPU.Build.0 = Debug|Any CPU
		{E07C46D2-714F-4116-BADD-FEE09617A9C4}.Debug|x64.ActiveCfg = Debug|Any CPU
		{E07C46D2-714F-4116-BADD-FEE09617A9C4}.Debug|x64.Build.0 = Debug|Any CPU
		{E07C46D2-714F-4116-BADD-FEE09617A9C4}.Debug|x86.ActiveCfg = Debug|Any CPU
		{E07C46D2-714F-4116-BADD-FEE09617A9C4}.Debug|x86.Build.0 = Debug|Any CPU
		{E07C46D2-714F-4116-BADD-FEE09617A9C4}.Release|Any CPU.ActiveCfg = Release|Any CPU
		{E07C46D2-714F-4116-BADD-FEE09617A9C4}.Release|Any CPU.Build.0 = Release|Any CPU
		{E07C46D2-714F-4116-BADD-FEE09617A9C4}.Release|x64.ActiveCfg = Release|Any CPU
		{E07C46D2-714F-4116-BADD-FEE09617A9C4}.Release|x64.Build.0 = Release|Any CPU
		{E07C46D2-714F-4116-BADD-FEE09617A9C4}.Release|x86.ActiveCfg = Release|Any CPU
		{E07C46D2-714F-4116-BADD-FEE09617A9C4}.Release|x86.Build.0 = Release|Any CPU
	EndGlobalSection
	GlobalSection(SolutionProperties) = preSolution
		HideSolutionNode = FALSE
	EndGlobalSection
	GlobalSection(ExtensibilityGlobals) = postSolution
		SolutionGuid = {5729B071-67A0-48FB-8B1B-275E6822086C}
	EndGlobalSection
EndGlobal
