
Microsoft Visual Studio Solution File, Format Version 12.00
# Visual Studio Version 16
VisualStudioVersion = 16.0.30225.117
MinimumVisualStudioVersion = 15.0.26124.0
Project("{9A19103F-16F7-4668-BE54-9A1E7A4F7556}") = "Spectre.Console", "Spectre.Console\Spectre.Console.csproj", "{80DCBEF3-99D6-46C0-9C5B-42B4534D9113}"
EndProject
Project("{2150E333-8FDC-42A3-9474-1A3956D46DE8}") = "Meta", "Meta", "{20595AD4-8D75-4AF8-B6BC-9C38C160423F}"
	ProjectSection(SolutionItems) = preProject
		.editorconfig = .editorconfig
		Directory.Build.props = Directory.Build.props
		Directory.Build.targets = Directory.Build.targets
		..\dotnet-tools.json = ..\dotnet-tools.json
		..\global.json = ..\global.json
		stylecop.json = stylecop.json
	EndProjectSection
EndProject
Project("{2150E333-8FDC-42A3-9474-1A3956D46DE8}") = "Examples", "Examples", "{F0575243-121F-4DEE-9F6B-246E26DC0844}"
EndProject
Project("{9A19103F-16F7-4668-BE54-9A1E7A4F7556}") = "Tables", "..\examples\Console\Tables\Tables.csproj", "{94ECCBA8-7EBF-4B53-8379-52EB2327417E}"
EndProject
Project("{9A19103F-16F7-4668-BE54-9A1E7A4F7556}") = "Panels", "..\examples\Console\Panels\Panels.csproj", "{BFF37228-B376-4ADD-9657-4E501F929713}"
EndProject
Project("{9A19103F-16F7-4668-BE54-9A1E7A4F7556}") = "Grids", "..\examples\Console\Grids\Grids.csproj", "{C7FF6FDB-FB59-4517-8669-521C96AB7323}"
EndProject
Project("{9A19103F-16F7-4668-BE54-9A1E7A4F7556}") = "Colors", "..\examples\Console\Colors\Colors.csproj", "{1F51C55C-BA4C-4856-9001-0F7924FFB179}"
EndProject
Project("{9A19103F-16F7-4668-BE54-9A1E7A4F7556}") = "Columns", "..\examples\Console\Columns\Columns.csproj", "{33357599-C79D-4299-888F-634E2C3EACEF}"
EndProject
Project("{9A19103F-16F7-4668-BE54-9A1E7A4F7556}") = "Info", "..\examples\Console\Info\Info.csproj", "{225CE0D4-06AB-411A-8D29-707504FE53B3}"
EndProject
Project("{9A19103F-16F7-4668-BE54-9A1E7A4F7556}") = "Borders", "..\examples\Console\Borders\Borders.csproj", "{094245E6-4C94-485D-B5AC-3153E878B112}"
EndProject
Project("{9A19103F-16F7-4668-BE54-9A1E7A4F7556}") = "Links", "..\examples\Console\Links\Links.csproj", "{6AF8C93B-AA41-4F44-8B1B-B8D166576174}"
EndProject
Project("{9A19103F-16F7-4668-BE54-9A1E7A4F7556}") = "Emojis", "..\examples\Console\Emojis\Emojis.csproj", "{1EABB956-957F-4C1A-8AC0-FD19C8F3C2F2}"
EndProject
Project("{9A19103F-16F7-4668-BE54-9A1E7A4F7556}") = "Exceptions", "..\examples\Console\Exceptions\Exceptions.csproj", "{90C081A7-7C1D-4A4A-82B6-8FF473C3EA32}"
EndProject
Project("{2150E333-8FDC-42A3-9474-1A3956D46DE8}") = "GitHub", "GitHub", "{C3E2CB5C-1517-4C75-B59A-93D4E22BEC8D}"
	ProjectSection(SolutionItems) = preProject
		..\.github\workflows\ci.yaml = ..\.github\workflows\ci.yaml
		..\.github\workflows\docs.yaml = ..\.github\workflows\docs.yaml
		..\.github\workflows\publish.yaml = ..\.github\workflows\publish.yaml
	EndProjectSection
EndProject
Project("{9A19103F-16F7-4668-BE54-9A1E7A4F7556}") = "Calendars", "..\examples\Console\Calendars\Calendars.csproj", "{57691C7D-683D-46E6-AA4F-57A8C5F65D25}"
EndProject
Project("{9A19103F-16F7-4668-BE54-9A1E7A4F7556}") = "Rules", "..\examples\Console\Rules\Rules.csproj", "{8622A261-02C6-40CA-9797-E3F01ED87D6B}"
EndProject
Project("{9A19103F-16F7-4668-BE54-9A1E7A4F7556}") = "Cursor", "..\examples\Console\Cursor\Cursor.csproj", "{75C608C3-ABB4-4168-A229-7F8250B946D1}"
EndProject
Project("{9A19103F-16F7-4668-BE54-9A1E7A4F7556}") = "Prompt", "..\examples\Console\Prompt\Prompt.csproj", "{6351C70F-F368-46DB-BAED-9B87CCD69353}"
EndProject
Project("{9A19103F-16F7-4668-BE54-9A1E7A4F7556}") = "Figlet", "..\examples\Console\Figlet\Figlet.csproj", "{45BF6302-6553-4E52-BF0F-B10D1AA9A6D1}"
EndProject
Project("{9A19103F-16F7-4668-BE54-9A1E7A4F7556}") = "Canvas", "..\examples\Console\Canvas\Canvas.csproj", "{5693761A-754A-40A8-9144-36510D6A4D69}"
EndProject
Project("{9A19103F-16F7-4668-BE54-9A1E7A4F7556}") = "Spectre.Console.ImageSharp", "Spectre.Console.ImageSharp\Spectre.Console.ImageSharp.csproj", "{0EFE694D-0770-4E71-BF4E-EC2B41362F79}"
EndProject
Project("{9A19103F-16F7-4668-BE54-9A1E7A4F7556}") = "Progress", "..\examples\Console\Progress\Progress.csproj", "{2B712A52-40F1-4C1C-833E-7C869ACA91F3}"
EndProject
Project("{9A19103F-16F7-4668-BE54-9A1E7A4F7556}") = "Status", "..\examples\Console\Status\Status.csproj", "{3716AFDF-0904-4635-8422-86E6B9356840}"
EndProject
Project("{9A19103F-16F7-4668-BE54-9A1E7A4F7556}") = "Charts", "..\examples\Console\Charts\Charts.csproj", "{0A1AFD26-86A0-4060-B277-D380172C7070}"
EndProject
Project("{2150E333-8FDC-42A3-9474-1A3956D46DE8}") = "Cli", "Cli", "{42792D7F-0BB6-4EE1-A314-8889305A4C48}"
EndProject
Project("{9A19103F-16F7-4668-BE54-9A1E7A4F7556}") = "Delegates", "..\examples\Cli\Delegates\Delegates.csproj", "{2E8E045D-1D9F-43B5-BFBD-7073F60DCEBB}"
EndProject
Project("{9A19103F-16F7-4668-BE54-9A1E7A4F7556}") = "Dynamic", "..\examples\Cli\Dynamic\Dynamic.csproj", "{E9C02C5A-710C-4A57-A008-E3EAC89305CC}"
EndProject
Project("{9A19103F-16F7-4668-BE54-9A1E7A4F7556}") = "Injection", "..\examples\Cli\Injection\Injection.csproj", "{F83CB4F1-95B8-45A4-A415-6DB5F8CA1E12}"
EndProject
Project("{9A19103F-16F7-4668-BE54-9A1E7A4F7556}") = "Spectre.Console.Testing", "Spectre.Console.Testing\Spectre.Console.Testing.csproj", "{7D5F6704-8249-46DD-906C-9E66419F215F}"
EndProject
Project("{2150E333-8FDC-42A3-9474-1A3956D46DE8}") = "Plugins", "Plugins", "{E0E45070-123C-4A4D-AA98-2A780308876C}"
EndProject
Project("{9A19103F-16F7-4668-BE54-9A1E7A4F7556}") = "Trees", "..\examples\Console\Trees\Trees.csproj", "{CA7AF967-3FA5-4CB1-9564-740CF4527895}"
EndProject
Project("{9A19103F-16F7-4668-BE54-9A1E7A4F7556}") = "Logging", "..\examples\Cli\Logging\Logging.csproj", "{33C7075A-DF97-44FC-8AB3-0CCFBA03341A}"
EndProject
Project("{9A19103F-16F7-4668-BE54-9A1E7A4F7556}") = "Showcase", "..\examples\Console\Showcase\Showcase.csproj", "{4C30C028-E97D-4B4C-AD17-C90F338A4DFF}"
EndProject
Project("{2150E333-8FDC-42A3-9474-1A3956D46DE8}") = "Misc", "Misc", "{A0C772BA-C5F4-451D-AA7A-4045F2FA0201}"
EndProject
Project("{9A19103F-16F7-4668-BE54-9A1E7A4F7556}") = "Shared", "..\examples\Shared\Shared.csproj", "{8428A7DD-29FC-4417-9CA0-B90D34B26AB2}"
EndProject
Project("{9A19103F-16F7-4668-BE54-9A1E7A4F7556}") = "Live", "..\examples\Console\Live\Live.csproj", "{E607AA2A-A4A6-48E4-8AAB-B0EB74EACAA1}"
EndProject
Project("{9A19103F-16F7-4668-BE54-9A1E7A4F7556}") = "Spectre.Console.Analyzer", "Spectre.Console.Analyzer\Spectre.Console.Analyzer.csproj", "{26006ACD-F19D-4C2A-8864-FE0D6C15B58C}"
EndProject
Project("{9A19103F-16F7-4668-BE54-9A1E7A4F7556}") = "Spectre.Console.Analyzer.Sandbox", "Spectre.Console.Analyzer.Sandbox\Spectre.Console.Analyzer.Sandbox.csproj", "{241D2B07-FFE8-476E-A9C3-0A0E8E8A0E11}"
EndProject
Project("{2150E333-8FDC-42A3-9474-1A3956D46DE8}") = "Analyzer", "Analyzer", "{EEB25BA6-F77C-41A8-9464-64BB621D1019}"
EndProject
Project("{9A19103F-16F7-4668-BE54-9A1E7A4F7556}") = "Spectre.Console.Tests", "..\test\Spectre.Console.Tests\Spectre.Console.Tests.csproj", "{60A4CADD-2B3D-48ED-89C0-1637A1F111AE}"
EndProject
Project("{9A19103F-16F7-4668-BE54-9A1E7A4F7556}") = "Spectre.Console.Analyzer.Tests", "..\test\Spectre.Console.Analyzer.Tests\Spectre.Console.Analyzer.Tests.csproj", "{F78E47DF-8235-4EAC-9A01-C513AB7C7D13}"
EndProject
Global
	GlobalSection(SolutionConfigurationPlatforms) = preSolution
		Debug|Any CPU = Debug|Any CPU
		Debug|x64 = Debug|x64
		Debug|x86 = Debug|x86
		Release|Any CPU = Release|Any CPU
		Release|x64 = Release|x64
		Release|x86 = Release|x86
	EndGlobalSection
	GlobalSection(ProjectConfigurationPlatforms) = postSolution
		{80DCBEF3-99D6-46C0-9C5B-42B4534D9113}.Debug|Any CPU.ActiveCfg = Debug|Any CPU
		{80DCBEF3-99D6-46C0-9C5B-42B4534D9113}.Debug|Any CPU.Build.0 = Debug|Any CPU
		{80DCBEF3-99D6-46C0-9C5B-42B4534D9113}.Debug|x64.ActiveCfg = Debug|Any CPU
		{80DCBEF3-99D6-46C0-9C5B-42B4534D9113}.Debug|x64.Build.0 = Debug|Any CPU
		{80DCBEF3-99D6-46C0-9C5B-42B4534D9113}.Debug|x86.ActiveCfg = Debug|Any CPU
		{80DCBEF3-99D6-46C0-9C5B-42B4534D9113}.Debug|x86.Build.0 = Debug|Any CPU
		{80DCBEF3-99D6-46C0-9C5B-42B4534D9113}.Release|Any CPU.ActiveCfg = Release|Any CPU
		{80DCBEF3-99D6-46C0-9C5B-42B4534D9113}.Release|Any CPU.Build.0 = Release|Any CPU
		{80DCBEF3-99D6-46C0-9C5B-42B4534D9113}.Release|x64.ActiveCfg = Release|Any CPU
		{80DCBEF3-99D6-46C0-9C5B-42B4534D9113}.Release|x64.Build.0 = Release|Any CPU
		{80DCBEF3-99D6-46C0-9C5B-42B4534D9113}.Release|x86.ActiveCfg = Release|Any CPU
		{80DCBEF3-99D6-46C0-9C5B-42B4534D9113}.Release|x86.Build.0 = Release|Any CPU
		{94ECCBA8-7EBF-4B53-8379-52EB2327417E}.Debug|Any CPU.ActiveCfg = Debug|Any CPU
		{94ECCBA8-7EBF-4B53-8379-52EB2327417E}.Debug|Any CPU.Build.0 = Debug|Any CPU
		{94ECCBA8-7EBF-4B53-8379-52EB2327417E}.Debug|x64.ActiveCfg = Debug|Any CPU
		{94ECCBA8-7EBF-4B53-8379-52EB2327417E}.Debug|x64.Build.0 = Debug|Any CPU
		{94ECCBA8-7EBF-4B53-8379-52EB2327417E}.Debug|x86.ActiveCfg = Debug|Any CPU
		{94ECCBA8-7EBF-4B53-8379-52EB2327417E}.Debug|x86.Build.0 = Debug|Any CPU
		{94ECCBA8-7EBF-4B53-8379-52EB2327417E}.Release|Any CPU.ActiveCfg = Release|Any CPU
		{94ECCBA8-7EBF-4B53-8379-52EB2327417E}.Release|Any CPU.Build.0 = Release|Any CPU
		{94ECCBA8-7EBF-4B53-8379-52EB2327417E}.Release|x64.ActiveCfg = Release|Any CPU
		{94ECCBA8-7EBF-4B53-8379-52EB2327417E}.Release|x64.Build.0 = Release|Any CPU
		{94ECCBA8-7EBF-4B53-8379-52EB2327417E}.Release|x86.ActiveCfg = Release|Any CPU
		{94ECCBA8-7EBF-4B53-8379-52EB2327417E}.Release|x86.Build.0 = Release|Any CPU
		{BFF37228-B376-4ADD-9657-4E501F929713}.Debug|Any CPU.ActiveCfg = Debug|Any CPU
		{BFF37228-B376-4ADD-9657-4E501F929713}.Debug|Any CPU.Build.0 = Debug|Any CPU
		{BFF37228-B376-4ADD-9657-4E501F929713}.Debug|x64.ActiveCfg = Debug|Any CPU
		{BFF37228-B376-4ADD-9657-4E501F929713}.Debug|x64.Build.0 = Debug|Any CPU
		{BFF37228-B376-4ADD-9657-4E501F929713}.Debug|x86.ActiveCfg = Debug|Any CPU
		{BFF37228-B376-4ADD-9657-4E501F929713}.Debug|x86.Build.0 = Debug|Any CPU
		{BFF37228-B376-4ADD-9657-4E501F929713}.Release|Any CPU.ActiveCfg = Release|Any CPU
		{BFF37228-B376-4ADD-9657-4E501F929713}.Release|Any CPU.Build.0 = Release|Any CPU
		{BFF37228-B376-4ADD-9657-4E501F929713}.Release|x64.ActiveCfg = Release|Any CPU
		{BFF37228-B376-4ADD-9657-4E501F929713}.Release|x64.Build.0 = Release|Any CPU
		{BFF37228-B376-4ADD-9657-4E501F929713}.Release|x86.ActiveCfg = Release|Any CPU
		{BFF37228-B376-4ADD-9657-4E501F929713}.Release|x86.Build.0 = Release|Any CPU
		{C7FF6FDB-FB59-4517-8669-521C96AB7323}.Debug|Any CPU.ActiveCfg = Debug|Any CPU
		{C7FF6FDB-FB59-4517-8669-521C96AB7323}.Debug|Any CPU.Build.0 = Debug|Any CPU
		{C7FF6FDB-FB59-4517-8669-521C96AB7323}.Debug|x64.ActiveCfg = Debug|Any CPU
		{C7FF6FDB-FB59-4517-8669-521C96AB7323}.Debug|x64.Build.0 = Debug|Any CPU
		{C7FF6FDB-FB59-4517-8669-521C96AB7323}.Debug|x86.ActiveCfg = Debug|Any CPU
		{C7FF6FDB-FB59-4517-8669-521C96AB7323}.Debug|x86.Build.0 = Debug|Any CPU
		{C7FF6FDB-FB59-4517-8669-521C96AB7323}.Release|Any CPU.ActiveCfg = Release|Any CPU
		{C7FF6FDB-FB59-4517-8669-521C96AB7323}.Release|Any CPU.Build.0 = Release|Any CPU
		{C7FF6FDB-FB59-4517-8669-521C96AB7323}.Release|x64.ActiveCfg = Release|Any CPU
		{C7FF6FDB-FB59-4517-8669-521C96AB7323}.Release|x64.Build.0 = Release|Any CPU
		{C7FF6FDB-FB59-4517-8669-521C96AB7323}.Release|x86.ActiveCfg = Release|Any CPU
		{C7FF6FDB-FB59-4517-8669-521C96AB7323}.Release|x86.Build.0 = Release|Any CPU
		{1F51C55C-BA4C-4856-9001-0F7924FFB179}.Debug|Any CPU.ActiveCfg = Debug|Any CPU
		{1F51C55C-BA4C-4856-9001-0F7924FFB179}.Debug|Any CPU.Build.0 = Debug|Any CPU
		{1F51C55C-BA4C-4856-9001-0F7924FFB179}.Debug|x64.ActiveCfg = Debug|Any CPU
		{1F51C55C-BA4C-4856-9001-0F7924FFB179}.Debug|x64.Build.0 = Debug|Any CPU
		{1F51C55C-BA4C-4856-9001-0F7924FFB179}.Debug|x86.ActiveCfg = Debug|Any CPU
		{1F51C55C-BA4C-4856-9001-0F7924FFB179}.Debug|x86.Build.0 = Debug|Any CPU
		{1F51C55C-BA4C-4856-9001-0F7924FFB179}.Release|Any CPU.ActiveCfg = Release|Any CPU
		{1F51C55C-BA4C-4856-9001-0F7924FFB179}.Release|Any CPU.Build.0 = Release|Any CPU
		{1F51C55C-BA4C-4856-9001-0F7924FFB179}.Release|x64.ActiveCfg = Release|Any CPU
		{1F51C55C-BA4C-4856-9001-0F7924FFB179}.Release|x64.Build.0 = Release|Any CPU
		{1F51C55C-BA4C-4856-9001-0F7924FFB179}.Release|x86.ActiveCfg = Release|Any CPU
		{1F51C55C-BA4C-4856-9001-0F7924FFB179}.Release|x86.Build.0 = Release|Any CPU
		{33357599-C79D-4299-888F-634E2C3EACEF}.Debug|Any CPU.ActiveCfg = Debug|Any CPU
		{33357599-C79D-4299-888F-634E2C3EACEF}.Debug|Any CPU.Build.0 = Debug|Any CPU
		{33357599-C79D-4299-888F-634E2C3EACEF}.Debug|x64.ActiveCfg = Debug|Any CPU
		{33357599-C79D-4299-888F-634E2C3EACEF}.Debug|x64.Build.0 = Debug|Any CPU
		{33357599-C79D-4299-888F-634E2C3EACEF}.Debug|x86.ActiveCfg = Debug|Any CPU
		{33357599-C79D-4299-888F-634E2C3EACEF}.Debug|x86.Build.0 = Debug|Any CPU
		{33357599-C79D-4299-888F-634E2C3EACEF}.Release|Any CPU.ActiveCfg = Release|Any CPU
		{33357599-C79D-4299-888F-634E2C3EACEF}.Release|Any CPU.Build.0 = Release|Any CPU
		{33357599-C79D-4299-888F-634E2C3EACEF}.Release|x64.ActiveCfg = Release|Any CPU
		{33357599-C79D-4299-888F-634E2C3EACEF}.Release|x64.Build.0 = Release|Any CPU
		{33357599-C79D-4299-888F-634E2C3EACEF}.Release|x86.ActiveCfg = Release|Any CPU
		{33357599-C79D-4299-888F-634E2C3EACEF}.Release|x86.Build.0 = Release|Any CPU
		{225CE0D4-06AB-411A-8D29-707504FE53B3}.Debug|Any CPU.ActiveCfg = Debug|Any CPU
		{225CE0D4-06AB-411A-8D29-707504FE53B3}.Debug|Any CPU.Build.0 = Debug|Any CPU
		{225CE0D4-06AB-411A-8D29-707504FE53B3}.Debug|x64.ActiveCfg = Debug|Any CPU
		{225CE0D4-06AB-411A-8D29-707504FE53B3}.Debug|x64.Build.0 = Debug|Any CPU
		{225CE0D4-06AB-411A-8D29-707504FE53B3}.Debug|x86.ActiveCfg = Debug|Any CPU
		{225CE0D4-06AB-411A-8D29-707504FE53B3}.Debug|x86.Build.0 = Debug|Any CPU
		{225CE0D4-06AB-411A-8D29-707504FE53B3}.Release|Any CPU.ActiveCfg = Release|Any CPU
		{225CE0D4-06AB-411A-8D29-707504FE53B3}.Release|Any CPU.Build.0 = Release|Any CPU
		{225CE0D4-06AB-411A-8D29-707504FE53B3}.Release|x64.ActiveCfg = Release|Any CPU
		{225CE0D4-06AB-411A-8D29-707504FE53B3}.Release|x64.Build.0 = Release|Any CPU
		{225CE0D4-06AB-411A-8D29-707504FE53B3}.Release|x86.ActiveCfg = Release|Any CPU
		{225CE0D4-06AB-411A-8D29-707504FE53B3}.Release|x86.Build.0 = Release|Any CPU
		{094245E6-4C94-485D-B5AC-3153E878B112}.Debug|Any CPU.ActiveCfg = Debug|Any CPU
		{094245E6-4C94-485D-B5AC-3153E878B112}.Debug|Any CPU.Build.0 = Debug|Any CPU
		{094245E6-4C94-485D-B5AC-3153E878B112}.Debug|x64.ActiveCfg = Debug|Any CPU
		{094245E6-4C94-485D-B5AC-3153E878B112}.Debug|x64.Build.0 = Debug|Any CPU
		{094245E6-4C94-485D-B5AC-3153E878B112}.Debug|x86.ActiveCfg = Debug|Any CPU
		{094245E6-4C94-485D-B5AC-3153E878B112}.Debug|x86.Build.0 = Debug|Any CPU
		{094245E6-4C94-485D-B5AC-3153E878B112}.Release|Any CPU.ActiveCfg = Release|Any CPU
		{094245E6-4C94-485D-B5AC-3153E878B112}.Release|Any CPU.Build.0 = Release|Any CPU
		{094245E6-4C94-485D-B5AC-3153E878B112}.Release|x64.ActiveCfg = Release|Any CPU
		{094245E6-4C94-485D-B5AC-3153E878B112}.Release|x64.Build.0 = Release|Any CPU
		{094245E6-4C94-485D-B5AC-3153E878B112}.Release|x86.ActiveCfg = Release|Any CPU
		{094245E6-4C94-485D-B5AC-3153E878B112}.Release|x86.Build.0 = Release|Any CPU
		{6AF8C93B-AA41-4F44-8B1B-B8D166576174}.Debug|Any CPU.ActiveCfg = Debug|Any CPU
		{6AF8C93B-AA41-4F44-8B1B-B8D166576174}.Debug|Any CPU.Build.0 = Debug|Any CPU
		{6AF8C93B-AA41-4F44-8B1B-B8D166576174}.Debug|x64.ActiveCfg = Debug|Any CPU
		{6AF8C93B-AA41-4F44-8B1B-B8D166576174}.Debug|x64.Build.0 = Debug|Any CPU
		{6AF8C93B-AA41-4F44-8B1B-B8D166576174}.Debug|x86.ActiveCfg = Debug|Any CPU
		{6AF8C93B-AA41-4F44-8B1B-B8D166576174}.Debug|x86.Build.0 = Debug|Any CPU
		{6AF8C93B-AA41-4F44-8B1B-B8D166576174}.Release|Any CPU.ActiveCfg = Release|Any CPU
		{6AF8C93B-AA41-4F44-8B1B-B8D166576174}.Release|Any CPU.Build.0 = Release|Any CPU
		{6AF8C93B-AA41-4F44-8B1B-B8D166576174}.Release|x64.ActiveCfg = Release|Any CPU
		{6AF8C93B-AA41-4F44-8B1B-B8D166576174}.Release|x64.Build.0 = Release|Any CPU
		{6AF8C93B-AA41-4F44-8B1B-B8D166576174}.Release|x86.ActiveCfg = Release|Any CPU
		{6AF8C93B-AA41-4F44-8B1B-B8D166576174}.Release|x86.Build.0 = Release|Any CPU
		{1EABB956-957F-4C1A-8AC0-FD19C8F3C2F2}.Debug|Any CPU.ActiveCfg = Debug|Any CPU
		{1EABB956-957F-4C1A-8AC0-FD19C8F3C2F2}.Debug|Any CPU.Build.0 = Debug|Any CPU
		{1EABB956-957F-4C1A-8AC0-FD19C8F3C2F2}.Debug|x64.ActiveCfg = Debug|Any CPU
		{1EABB956-957F-4C1A-8AC0-FD19C8F3C2F2}.Debug|x64.Build.0 = Debug|Any CPU
		{1EABB956-957F-4C1A-8AC0-FD19C8F3C2F2}.Debug|x86.ActiveCfg = Debug|Any CPU
		{1EABB956-957F-4C1A-8AC0-FD19C8F3C2F2}.Debug|x86.Build.0 = Debug|Any CPU
		{1EABB956-957F-4C1A-8AC0-FD19C8F3C2F2}.Release|Any CPU.ActiveCfg = Release|Any CPU
		{1EABB956-957F-4C1A-8AC0-FD19C8F3C2F2}.Release|Any CPU.Build.0 = Release|Any CPU
		{1EABB956-957F-4C1A-8AC0-FD19C8F3C2F2}.Release|x64.ActiveCfg = Release|Any CPU
		{1EABB956-957F-4C1A-8AC0-FD19C8F3C2F2}.Release|x64.Build.0 = Release|Any CPU
		{1EABB956-957F-4C1A-8AC0-FD19C8F3C2F2}.Release|x86.ActiveCfg = Release|Any CPU
		{1EABB956-957F-4C1A-8AC0-FD19C8F3C2F2}.Release|x86.Build.0 = Release|Any CPU
		{90C081A7-7C1D-4A4A-82B6-8FF473C3EA32}.Debug|Any CPU.ActiveCfg = Debug|Any CPU
		{90C081A7-7C1D-4A4A-82B6-8FF473C3EA32}.Debug|Any CPU.Build.0 = Debug|Any CPU
		{90C081A7-7C1D-4A4A-82B6-8FF473C3EA32}.Debug|x64.ActiveCfg = Debug|Any CPU
		{90C081A7-7C1D-4A4A-82B6-8FF473C3EA32}.Debug|x64.Build.0 = Debug|Any CPU
		{90C081A7-7C1D-4A4A-82B6-8FF473C3EA32}.Debug|x86.ActiveCfg = Debug|Any CPU
		{90C081A7-7C1D-4A4A-82B6-8FF473C3EA32}.Debug|x86.Build.0 = Debug|Any CPU
		{90C081A7-7C1D-4A4A-82B6-8FF473C3EA32}.Release|Any CPU.ActiveCfg = Release|Any CPU
		{90C081A7-7C1D-4A4A-82B6-8FF473C3EA32}.Release|Any CPU.Build.0 = Release|Any CPU
		{90C081A7-7C1D-4A4A-82B6-8FF473C3EA32}.Release|x64.ActiveCfg = Release|Any CPU
		{90C081A7-7C1D-4A4A-82B6-8FF473C3EA32}.Release|x64.Build.0 = Release|Any CPU
		{90C081A7-7C1D-4A4A-82B6-8FF473C3EA32}.Release|x86.ActiveCfg = Release|Any CPU
		{90C081A7-7C1D-4A4A-82B6-8FF473C3EA32}.Release|x86.Build.0 = Release|Any CPU
		{57691C7D-683D-46E6-AA4F-57A8C5F65D25}.Debug|Any CPU.ActiveCfg = Debug|Any CPU
		{57691C7D-683D-46E6-AA4F-57A8C5F65D25}.Debug|Any CPU.Build.0 = Debug|Any CPU
		{57691C7D-683D-46E6-AA4F-57A8C5F65D25}.Debug|x64.ActiveCfg = Debug|Any CPU
		{57691C7D-683D-46E6-AA4F-57A8C5F65D25}.Debug|x64.Build.0 = Debug|Any CPU
		{57691C7D-683D-46E6-AA4F-57A8C5F65D25}.Debug|x86.ActiveCfg = Debug|Any CPU
		{57691C7D-683D-46E6-AA4F-57A8C5F65D25}.Debug|x86.Build.0 = Debug|Any CPU
		{57691C7D-683D-46E6-AA4F-57A8C5F65D25}.Release|Any CPU.ActiveCfg = Release|Any CPU
		{57691C7D-683D-46E6-AA4F-57A8C5F65D25}.Release|Any CPU.Build.0 = Release|Any CPU
		{57691C7D-683D-46E6-AA4F-57A8C5F65D25}.Release|x64.ActiveCfg = Release|Any CPU
		{57691C7D-683D-46E6-AA4F-57A8C5F65D25}.Release|x64.Build.0 = Release|Any CPU
		{57691C7D-683D-46E6-AA4F-57A8C5F65D25}.Release|x86.ActiveCfg = Release|Any CPU
		{57691C7D-683D-46E6-AA4F-57A8C5F65D25}.Release|x86.Build.0 = Release|Any CPU
		{8622A261-02C6-40CA-9797-E3F01ED87D6B}.Debug|Any CPU.ActiveCfg = Debug|Any CPU
		{8622A261-02C6-40CA-9797-E3F01ED87D6B}.Debug|Any CPU.Build.0 = Debug|Any CPU
		{8622A261-02C6-40CA-9797-E3F01ED87D6B}.Debug|x64.ActiveCfg = Debug|Any CPU
		{8622A261-02C6-40CA-9797-E3F01ED87D6B}.Debug|x64.Build.0 = Debug|Any CPU
		{8622A261-02C6-40CA-9797-E3F01ED87D6B}.Debug|x86.ActiveCfg = Debug|Any CPU
		{8622A261-02C6-40CA-9797-E3F01ED87D6B}.Debug|x86.Build.0 = Debug|Any CPU
		{8622A261-02C6-40CA-9797-E3F01ED87D6B}.Release|Any CPU.ActiveCfg = Release|Any CPU
		{8622A261-02C6-40CA-9797-E3F01ED87D6B}.Release|Any CPU.Build.0 = Release|Any CPU
		{8622A261-02C6-40CA-9797-E3F01ED87D6B}.Release|x64.ActiveCfg = Release|Any CPU
		{8622A261-02C6-40CA-9797-E3F01ED87D6B}.Release|x64.Build.0 = Release|Any CPU
		{8622A261-02C6-40CA-9797-E3F01ED87D6B}.Release|x86.ActiveCfg = Release|Any CPU
		{8622A261-02C6-40CA-9797-E3F01ED87D6B}.Release|x86.Build.0 = Release|Any CPU
		{75C608C3-ABB4-4168-A229-7F8250B946D1}.Debug|Any CPU.ActiveCfg = Debug|Any CPU
		{75C608C3-ABB4-4168-A229-7F8250B946D1}.Debug|Any CPU.Build.0 = Debug|Any CPU
		{75C608C3-ABB4-4168-A229-7F8250B946D1}.Debug|x64.ActiveCfg = Debug|Any CPU
		{75C608C3-ABB4-4168-A229-7F8250B946D1}.Debug|x64.Build.0 = Debug|Any CPU
		{75C608C3-ABB4-4168-A229-7F8250B946D1}.Debug|x86.ActiveCfg = Debug|Any CPU
		{75C608C3-ABB4-4168-A229-7F8250B946D1}.Debug|x86.Build.0 = Debug|Any CPU
		{75C608C3-ABB4-4168-A229-7F8250B946D1}.Release|Any CPU.ActiveCfg = Release|Any CPU
		{75C608C3-ABB4-4168-A229-7F8250B946D1}.Release|Any CPU.Build.0 = Release|Any CPU
		{75C608C3-ABB4-4168-A229-7F8250B946D1}.Release|x64.ActiveCfg = Release|Any CPU
		{75C608C3-ABB4-4168-A229-7F8250B946D1}.Release|x64.Build.0 = Release|Any CPU
		{75C608C3-ABB4-4168-A229-7F8250B946D1}.Release|x86.ActiveCfg = Release|Any CPU
		{75C608C3-ABB4-4168-A229-7F8250B946D1}.Release|x86.Build.0 = Release|Any CPU
		{6351C70F-F368-46DB-BAED-9B87CCD69353}.Debug|Any CPU.ActiveCfg = Debug|Any CPU
		{6351C70F-F368-46DB-BAED-9B87CCD69353}.Debug|Any CPU.Build.0 = Debug|Any CPU
		{6351C70F-F368-46DB-BAED-9B87CCD69353}.Debug|x64.ActiveCfg = Debug|Any CPU
		{6351C70F-F368-46DB-BAED-9B87CCD69353}.Debug|x64.Build.0 = Debug|Any CPU
		{6351C70F-F368-46DB-BAED-9B87CCD69353}.Debug|x86.ActiveCfg = Debug|Any CPU
		{6351C70F-F368-46DB-BAED-9B87CCD69353}.Debug|x86.Build.0 = Debug|Any CPU
		{6351C70F-F368-46DB-BAED-9B87CCD69353}.Release|Any CPU.ActiveCfg = Release|Any CPU
		{6351C70F-F368-46DB-BAED-9B87CCD69353}.Release|Any CPU.Build.0 = Release|Any CPU
		{6351C70F-F368-46DB-BAED-9B87CCD69353}.Release|x64.ActiveCfg = Release|Any CPU
		{6351C70F-F368-46DB-BAED-9B87CCD69353}.Release|x64.Build.0 = Release|Any CPU
		{6351C70F-F368-46DB-BAED-9B87CCD69353}.Release|x86.ActiveCfg = Release|Any CPU
		{6351C70F-F368-46DB-BAED-9B87CCD69353}.Release|x86.Build.0 = Release|Any CPU
		{45BF6302-6553-4E52-BF0F-B10D1AA9A6D1}.Debug|Any CPU.ActiveCfg = Debug|Any CPU
		{45BF6302-6553-4E52-BF0F-B10D1AA9A6D1}.Debug|Any CPU.Build.0 = Debug|Any CPU
		{45BF6302-6553-4E52-BF0F-B10D1AA9A6D1}.Debug|x64.ActiveCfg = Debug|Any CPU
		{45BF6302-6553-4E52-BF0F-B10D1AA9A6D1}.Debug|x64.Build.0 = Debug|Any CPU
		{45BF6302-6553-4E52-BF0F-B10D1AA9A6D1}.Debug|x86.ActiveCfg = Debug|Any CPU
		{45BF6302-6553-4E52-BF0F-B10D1AA9A6D1}.Debug|x86.Build.0 = Debug|Any CPU
		{45BF6302-6553-4E52-BF0F-B10D1AA9A6D1}.Release|Any CPU.ActiveCfg = Release|Any CPU
		{45BF6302-6553-4E52-BF0F-B10D1AA9A6D1}.Release|Any CPU.Build.0 = Release|Any CPU
		{45BF6302-6553-4E52-BF0F-B10D1AA9A6D1}.Release|x64.ActiveCfg = Release|Any CPU
		{45BF6302-6553-4E52-BF0F-B10D1AA9A6D1}.Release|x64.Build.0 = Release|Any CPU
		{45BF6302-6553-4E52-BF0F-B10D1AA9A6D1}.Release|x86.ActiveCfg = Release|Any CPU
		{45BF6302-6553-4E52-BF0F-B10D1AA9A6D1}.Release|x86.Build.0 = Release|Any CPU
		{5693761A-754A-40A8-9144-36510D6A4D69}.Debug|Any CPU.ActiveCfg = Debug|Any CPU
		{5693761A-754A-40A8-9144-36510D6A4D69}.Debug|Any CPU.Build.0 = Debug|Any CPU
		{5693761A-754A-40A8-9144-36510D6A4D69}.Debug|x64.ActiveCfg = Debug|Any CPU
		{5693761A-754A-40A8-9144-36510D6A4D69}.Debug|x64.Build.0 = Debug|Any CPU
		{5693761A-754A-40A8-9144-36510D6A4D69}.Debug|x86.ActiveCfg = Debug|Any CPU
		{5693761A-754A-40A8-9144-36510D6A4D69}.Debug|x86.Build.0 = Debug|Any CPU
		{5693761A-754A-40A8-9144-36510D6A4D69}.Release|Any CPU.ActiveCfg = Release|Any CPU
		{5693761A-754A-40A8-9144-36510D6A4D69}.Release|Any CPU.Build.0 = Release|Any CPU
		{5693761A-754A-40A8-9144-36510D6A4D69}.Release|x64.ActiveCfg = Release|Any CPU
		{5693761A-754A-40A8-9144-36510D6A4D69}.Release|x64.Build.0 = Release|Any CPU
		{5693761A-754A-40A8-9144-36510D6A4D69}.Release|x86.ActiveCfg = Release|Any CPU
		{5693761A-754A-40A8-9144-36510D6A4D69}.Release|x86.Build.0 = Release|Any CPU
		{0EFE694D-0770-4E71-BF4E-EC2B41362F79}.Debug|Any CPU.ActiveCfg = Debug|Any CPU
		{0EFE694D-0770-4E71-BF4E-EC2B41362F79}.Debug|Any CPU.Build.0 = Debug|Any CPU
		{0EFE694D-0770-4E71-BF4E-EC2B41362F79}.Debug|x64.ActiveCfg = Debug|Any CPU
		{0EFE694D-0770-4E71-BF4E-EC2B41362F79}.Debug|x64.Build.0 = Debug|Any CPU
		{0EFE694D-0770-4E71-BF4E-EC2B41362F79}.Debug|x86.ActiveCfg = Debug|Any CPU
		{0EFE694D-0770-4E71-BF4E-EC2B41362F79}.Debug|x86.Build.0 = Debug|Any CPU
		{0EFE694D-0770-4E71-BF4E-EC2B41362F79}.Release|Any CPU.ActiveCfg = Release|Any CPU
		{0EFE694D-0770-4E71-BF4E-EC2B41362F79}.Release|Any CPU.Build.0 = Release|Any CPU
		{0EFE694D-0770-4E71-BF4E-EC2B41362F79}.Release|x64.ActiveCfg = Release|Any CPU
		{0EFE694D-0770-4E71-BF4E-EC2B41362F79}.Release|x64.Build.0 = Release|Any CPU
		{0EFE694D-0770-4E71-BF4E-EC2B41362F79}.Release|x86.ActiveCfg = Release|Any CPU
		{0EFE694D-0770-4E71-BF4E-EC2B41362F79}.Release|x86.Build.0 = Release|Any CPU
		{2B712A52-40F1-4C1C-833E-7C869ACA91F3}.Debug|Any CPU.ActiveCfg = Debug|Any CPU
		{2B712A52-40F1-4C1C-833E-7C869ACA91F3}.Debug|Any CPU.Build.0 = Debug|Any CPU
		{2B712A52-40F1-4C1C-833E-7C869ACA91F3}.Debug|x64.ActiveCfg = Debug|Any CPU
		{2B712A52-40F1-4C1C-833E-7C869ACA91F3}.Debug|x64.Build.0 = Debug|Any CPU
		{2B712A52-40F1-4C1C-833E-7C869ACA91F3}.Debug|x86.ActiveCfg = Debug|Any CPU
		{2B712A52-40F1-4C1C-833E-7C869ACA91F3}.Debug|x86.Build.0 = Debug|Any CPU
		{2B712A52-40F1-4C1C-833E-7C869ACA91F3}.Release|Any CPU.ActiveCfg = Release|Any CPU
		{2B712A52-40F1-4C1C-833E-7C869ACA91F3}.Release|Any CPU.Build.0 = Release|Any CPU
		{2B712A52-40F1-4C1C-833E-7C869ACA91F3}.Release|x64.ActiveCfg = Release|Any CPU
		{2B712A52-40F1-4C1C-833E-7C869ACA91F3}.Release|x64.Build.0 = Release|Any CPU
		{2B712A52-40F1-4C1C-833E-7C869ACA91F3}.Release|x86.ActiveCfg = Release|Any CPU
		{2B712A52-40F1-4C1C-833E-7C869ACA91F3}.Release|x86.Build.0 = Release|Any CPU
		{3716AFDF-0904-4635-8422-86E6B9356840}.Debug|Any CPU.ActiveCfg = Debug|Any CPU
		{3716AFDF-0904-4635-8422-86E6B9356840}.Debug|Any CPU.Build.0 = Debug|Any CPU
		{3716AFDF-0904-4635-8422-86E6B9356840}.Debug|x64.ActiveCfg = Debug|Any CPU
		{3716AFDF-0904-4635-8422-86E6B9356840}.Debug|x64.Build.0 = Debug|Any CPU
		{3716AFDF-0904-4635-8422-86E6B9356840}.Debug|x86.ActiveCfg = Debug|Any CPU
		{3716AFDF-0904-4635-8422-86E6B9356840}.Debug|x86.Build.0 = Debug|Any CPU
		{3716AFDF-0904-4635-8422-86E6B9356840}.Release|Any CPU.ActiveCfg = Release|Any CPU
		{3716AFDF-0904-4635-8422-86E6B9356840}.Release|Any CPU.Build.0 = Release|Any CPU
		{3716AFDF-0904-4635-8422-86E6B9356840}.Release|x64.ActiveCfg = Release|Any CPU
		{3716AFDF-0904-4635-8422-86E6B9356840}.Release|x64.Build.0 = Release|Any CPU
		{3716AFDF-0904-4635-8422-86E6B9356840}.Release|x86.ActiveCfg = Release|Any CPU
		{3716AFDF-0904-4635-8422-86E6B9356840}.Release|x86.Build.0 = Release|Any CPU
		{0A1AFD26-86A0-4060-B277-D380172C7070}.Debug|Any CPU.ActiveCfg = Debug|Any CPU
		{0A1AFD26-86A0-4060-B277-D380172C7070}.Debug|Any CPU.Build.0 = Debug|Any CPU
		{0A1AFD26-86A0-4060-B277-D380172C7070}.Debug|x64.ActiveCfg = Debug|Any CPU
		{0A1AFD26-86A0-4060-B277-D380172C7070}.Debug|x64.Build.0 = Debug|Any CPU
		{0A1AFD26-86A0-4060-B277-D380172C7070}.Debug|x86.ActiveCfg = Debug|Any CPU
		{0A1AFD26-86A0-4060-B277-D380172C7070}.Debug|x86.Build.0 = Debug|Any CPU
		{0A1AFD26-86A0-4060-B277-D380172C7070}.Release|Any CPU.ActiveCfg = Release|Any CPU
		{0A1AFD26-86A0-4060-B277-D380172C7070}.Release|Any CPU.Build.0 = Release|Any CPU
		{0A1AFD26-86A0-4060-B277-D380172C7070}.Release|x64.ActiveCfg = Release|Any CPU
		{0A1AFD26-86A0-4060-B277-D380172C7070}.Release|x64.Build.0 = Release|Any CPU
		{0A1AFD26-86A0-4060-B277-D380172C7070}.Release|x86.ActiveCfg = Release|Any CPU
		{0A1AFD26-86A0-4060-B277-D380172C7070}.Release|x86.Build.0 = Release|Any CPU
		{2E8E045D-1D9F-43B5-BFBD-7073F60DCEBB}.Debug|Any CPU.ActiveCfg = Debug|Any CPU
		{2E8E045D-1D9F-43B5-BFBD-7073F60DCEBB}.Debug|Any CPU.Build.0 = Debug|Any CPU
		{2E8E045D-1D9F-43B5-BFBD-7073F60DCEBB}.Debug|x64.ActiveCfg = Debug|Any CPU
		{2E8E045D-1D9F-43B5-BFBD-7073F60DCEBB}.Debug|x64.Build.0 = Debug|Any CPU
		{2E8E045D-1D9F-43B5-BFBD-7073F60DCEBB}.Debug|x86.ActiveCfg = Debug|Any CPU
		{2E8E045D-1D9F-43B5-BFBD-7073F60DCEBB}.Debug|x86.Build.0 = Debug|Any CPU
		{2E8E045D-1D9F-43B5-BFBD-7073F60DCEBB}.Release|Any CPU.ActiveCfg = Release|Any CPU
		{2E8E045D-1D9F-43B5-BFBD-7073F60DCEBB}.Release|Any CPU.Build.0 = Release|Any CPU
		{2E8E045D-1D9F-43B5-BFBD-7073F60DCEBB}.Release|x64.ActiveCfg = Release|Any CPU
		{2E8E045D-1D9F-43B5-BFBD-7073F60DCEBB}.Release|x64.Build.0 = Release|Any CPU
		{2E8E045D-1D9F-43B5-BFBD-7073F60DCEBB}.Release|x86.ActiveCfg = Release|Any CPU
		{2E8E045D-1D9F-43B5-BFBD-7073F60DCEBB}.Release|x86.Build.0 = Release|Any CPU
		{E9C02C5A-710C-4A57-A008-E3EAC89305CC}.Debug|Any CPU.ActiveCfg = Debug|Any CPU
		{E9C02C5A-710C-4A57-A008-E3EAC89305CC}.Debug|Any CPU.Build.0 = Debug|Any CPU
		{E9C02C5A-710C-4A57-A008-E3EAC89305CC}.Debug|x64.ActiveCfg = Debug|Any CPU
		{E9C02C5A-710C-4A57-A008-E3EAC89305CC}.Debug|x64.Build.0 = Debug|Any CPU
		{E9C02C5A-710C-4A57-A008-E3EAC89305CC}.Debug|x86.ActiveCfg = Debug|Any CPU
		{E9C02C5A-710C-4A57-A008-E3EAC89305CC}.Debug|x86.Build.0 = Debug|Any CPU
		{E9C02C5A-710C-4A57-A008-E3EAC89305CC}.Release|Any CPU.ActiveCfg = Release|Any CPU
		{E9C02C5A-710C-4A57-A008-E3EAC89305CC}.Release|Any CPU.Build.0 = Release|Any CPU
		{E9C02C5A-710C-4A57-A008-E3EAC89305CC}.Release|x64.ActiveCfg = Release|Any CPU
		{E9C02C5A-710C-4A57-A008-E3EAC89305CC}.Release|x64.Build.0 = Release|Any CPU
		{E9C02C5A-710C-4A57-A008-E3EAC89305CC}.Release|x86.ActiveCfg = Release|Any CPU
		{E9C02C5A-710C-4A57-A008-E3EAC89305CC}.Release|x86.Build.0 = Release|Any CPU
		{F83CB4F1-95B8-45A4-A415-6DB5F8CA1E12}.Debug|Any CPU.ActiveCfg = Debug|Any CPU
		{F83CB4F1-95B8-45A4-A415-6DB5F8CA1E12}.Debug|Any CPU.Build.0 = Debug|Any CPU
		{F83CB4F1-95B8-45A4-A415-6DB5F8CA1E12}.Debug|x64.ActiveCfg = Debug|Any CPU
		{F83CB4F1-95B8-45A4-A415-6DB5F8CA1E12}.Debug|x64.Build.0 = Debug|Any CPU
		{F83CB4F1-95B8-45A4-A415-6DB5F8CA1E12}.Debug|x86.ActiveCfg = Debug|Any CPU
		{F83CB4F1-95B8-45A4-A415-6DB5F8CA1E12}.Debug|x86.Build.0 = Debug|Any CPU
		{F83CB4F1-95B8-45A4-A415-6DB5F8CA1E12}.Release|Any CPU.ActiveCfg = Release|Any CPU
		{F83CB4F1-95B8-45A4-A415-6DB5F8CA1E12}.Release|Any CPU.Build.0 = Release|Any CPU
		{F83CB4F1-95B8-45A4-A415-6DB5F8CA1E12}.Release|x64.ActiveCfg = Release|Any CPU
		{F83CB4F1-95B8-45A4-A415-6DB5F8CA1E12}.Release|x64.Build.0 = Release|Any CPU
		{F83CB4F1-95B8-45A4-A415-6DB5F8CA1E12}.Release|x86.ActiveCfg = Release|Any CPU
		{F83CB4F1-95B8-45A4-A415-6DB5F8CA1E12}.Release|x86.Build.0 = Release|Any CPU
		{7D5F6704-8249-46DD-906C-9E66419F215F}.Debug|Any CPU.ActiveCfg = Debug|Any CPU
		{7D5F6704-8249-46DD-906C-9E66419F215F}.Debug|Any CPU.Build.0 = Debug|Any CPU
		{7D5F6704-8249-46DD-906C-9E66419F215F}.Debug|x64.ActiveCfg = Debug|Any CPU
		{7D5F6704-8249-46DD-906C-9E66419F215F}.Debug|x64.Build.0 = Debug|Any CPU
		{7D5F6704-8249-46DD-906C-9E66419F215F}.Debug|x86.ActiveCfg = Debug|Any CPU
		{7D5F6704-8249-46DD-906C-9E66419F215F}.Debug|x86.Build.0 = Debug|Any CPU
		{7D5F6704-8249-46DD-906C-9E66419F215F}.Release|Any CPU.ActiveCfg = Release|Any CPU
		{7D5F6704-8249-46DD-906C-9E66419F215F}.Release|Any CPU.Build.0 = Release|Any CPU
		{7D5F6704-8249-46DD-906C-9E66419F215F}.Release|x64.ActiveCfg = Release|Any CPU
		{7D5F6704-8249-46DD-906C-9E66419F215F}.Release|x64.Build.0 = Release|Any CPU
		{7D5F6704-8249-46DD-906C-9E66419F215F}.Release|x86.ActiveCfg = Release|Any CPU
		{7D5F6704-8249-46DD-906C-9E66419F215F}.Release|x86.Build.0 = Release|Any CPU
		{CA7AF967-3FA5-4CB1-9564-740CF4527895}.Debug|Any CPU.ActiveCfg = Debug|Any CPU
		{CA7AF967-3FA5-4CB1-9564-740CF4527895}.Debug|Any CPU.Build.0 = Debug|Any CPU
		{CA7AF967-3FA5-4CB1-9564-740CF4527895}.Debug|x64.ActiveCfg = Debug|Any CPU
		{CA7AF967-3FA5-4CB1-9564-740CF4527895}.Debug|x64.Build.0 = Debug|Any CPU
		{CA7AF967-3FA5-4CB1-9564-740CF4527895}.Debug|x86.ActiveCfg = Debug|Any CPU
		{CA7AF967-3FA5-4CB1-9564-740CF4527895}.Debug|x86.Build.0 = Debug|Any CPU
		{CA7AF967-3FA5-4CB1-9564-740CF4527895}.Release|Any CPU.ActiveCfg = Release|Any CPU
		{CA7AF967-3FA5-4CB1-9564-740CF4527895}.Release|Any CPU.Build.0 = Release|Any CPU
		{CA7AF967-3FA5-4CB1-9564-740CF4527895}.Release|x64.ActiveCfg = Release|Any CPU
		{CA7AF967-3FA5-4CB1-9564-740CF4527895}.Release|x64.Build.0 = Release|Any CPU
		{CA7AF967-3FA5-4CB1-9564-740CF4527895}.Release|x86.ActiveCfg = Release|Any CPU
		{CA7AF967-3FA5-4CB1-9564-740CF4527895}.Release|x86.Build.0 = Release|Any CPU
		{33C7075A-DF97-44FC-8AB3-0CCFBA03341A}.Debug|Any CPU.ActiveCfg = Debug|Any CPU
		{33C7075A-DF97-44FC-8AB3-0CCFBA03341A}.Debug|Any CPU.Build.0 = Debug|Any CPU
		{33C7075A-DF97-44FC-8AB3-0CCFBA03341A}.Debug|x64.ActiveCfg = Debug|Any CPU
		{33C7075A-DF97-44FC-8AB3-0CCFBA03341A}.Debug|x64.Build.0 = Debug|Any CPU
		{33C7075A-DF97-44FC-8AB3-0CCFBA03341A}.Debug|x86.ActiveCfg = Debug|Any CPU
		{33C7075A-DF97-44FC-8AB3-0CCFBA03341A}.Debug|x86.Build.0 = Debug|Any CPU
		{33C7075A-DF97-44FC-8AB3-0CCFBA03341A}.Release|Any CPU.ActiveCfg = Release|Any CPU
		{33C7075A-DF97-44FC-8AB3-0CCFBA03341A}.Release|Any CPU.Build.0 = Release|Any CPU
		{33C7075A-DF97-44FC-8AB3-0CCFBA03341A}.Release|x64.ActiveCfg = Release|Any CPU
		{33C7075A-DF97-44FC-8AB3-0CCFBA03341A}.Release|x64.Build.0 = Release|Any CPU
		{33C7075A-DF97-44FC-8AB3-0CCFBA03341A}.Release|x86.ActiveCfg = Release|Any CPU
		{33C7075A-DF97-44FC-8AB3-0CCFBA03341A}.Release|x86.Build.0 = Release|Any CPU
		{4C30C028-E97D-4B4C-AD17-C90F338A4DFF}.Debug|Any CPU.ActiveCfg = Debug|Any CPU
		{4C30C028-E97D-4B4C-AD17-C90F338A4DFF}.Debug|Any CPU.Build.0 = Debug|Any CPU
		{4C30C028-E97D-4B4C-AD17-C90F338A4DFF}.Debug|x64.ActiveCfg = Debug|Any CPU
		{4C30C028-E97D-4B4C-AD17-C90F338A4DFF}.Debug|x64.Build.0 = Debug|Any CPU
		{4C30C028-E97D-4B4C-AD17-C90F338A4DFF}.Debug|x86.ActiveCfg = Debug|Any CPU
		{4C30C028-E97D-4B4C-AD17-C90F338A4DFF}.Debug|x86.Build.0 = Debug|Any CPU
		{4C30C028-E97D-4B4C-AD17-C90F338A4DFF}.Release|Any CPU.ActiveCfg = Release|Any CPU
		{4C30C028-E97D-4B4C-AD17-C90F338A4DFF}.Release|Any CPU.Build.0 = Release|Any CPU
		{4C30C028-E97D-4B4C-AD17-C90F338A4DFF}.Release|x64.ActiveCfg = Release|Any CPU
		{4C30C028-E97D-4B4C-AD17-C90F338A4DFF}.Release|x64.Build.0 = Release|Any CPU
		{4C30C028-E97D-4B4C-AD17-C90F338A4DFF}.Release|x86.ActiveCfg = Release|Any CPU
		{4C30C028-E97D-4B4C-AD17-C90F338A4DFF}.Release|x86.Build.0 = Release|Any CPU
		{8428A7DD-29FC-4417-9CA0-B90D34B26AB2}.Debug|Any CPU.ActiveCfg = Debug|Any CPU
		{8428A7DD-29FC-4417-9CA0-B90D34B26AB2}.Debug|Any CPU.Build.0 = Debug|Any CPU
		{8428A7DD-29FC-4417-9CA0-B90D34B26AB2}.Debug|x64.ActiveCfg = Debug|Any CPU
		{8428A7DD-29FC-4417-9CA0-B90D34B26AB2}.Debug|x64.Build.0 = Debug|Any CPU
		{8428A7DD-29FC-4417-9CA0-B90D34B26AB2}.Debug|x86.ActiveCfg = Debug|Any CPU
		{8428A7DD-29FC-4417-9CA0-B90D34B26AB2}.Debug|x86.Build.0 = Debug|Any CPU
		{8428A7DD-29FC-4417-9CA0-B90D34B26AB2}.Release|Any CPU.ActiveCfg = Release|Any CPU
		{8428A7DD-29FC-4417-9CA0-B90D34B26AB2}.Release|Any CPU.Build.0 = Release|Any CPU
		{8428A7DD-29FC-4417-9CA0-B90D34B26AB2}.Release|x64.ActiveCfg = Release|Any CPU
		{8428A7DD-29FC-4417-9CA0-B90D34B26AB2}.Release|x64.Build.0 = Release|Any CPU
		{8428A7DD-29FC-4417-9CA0-B90D34B26AB2}.Release|x86.ActiveCfg = Release|Any CPU
		{8428A7DD-29FC-4417-9CA0-B90D34B26AB2}.Release|x86.Build.0 = Release|Any CPU
		{E607AA2A-A4A6-48E4-8AAB-B0EB74EACAA1}.Debug|Any CPU.ActiveCfg = Debug|Any CPU
		{E607AA2A-A4A6-48E4-8AAB-B0EB74EACAA1}.Debug|Any CPU.Build.0 = Debug|Any CPU
		{E607AA2A-A4A6-48E4-8AAB-B0EB74EACAA1}.Debug|x64.ActiveCfg = Debug|Any CPU
		{E607AA2A-A4A6-48E4-8AAB-B0EB74EACAA1}.Debug|x64.Build.0 = Debug|Any CPU
		{E607AA2A-A4A6-48E4-8AAB-B0EB74EACAA1}.Debug|x86.ActiveCfg = Debug|Any CPU
		{E607AA2A-A4A6-48E4-8AAB-B0EB74EACAA1}.Debug|x86.Build.0 = Debug|Any CPU
		{E607AA2A-A4A6-48E4-8AAB-B0EB74EACAA1}.Release|Any CPU.ActiveCfg = Release|Any CPU
		{E607AA2A-A4A6-48E4-8AAB-B0EB74EACAA1}.Release|Any CPU.Build.0 = Release|Any CPU
		{E607AA2A-A4A6-48E4-8AAB-B0EB74EACAA1}.Release|x64.ActiveCfg = Release|Any CPU
		{E607AA2A-A4A6-48E4-8AAB-B0EB74EACAA1}.Release|x64.Build.0 = Release|Any CPU
		{E607AA2A-A4A6-48E4-8AAB-B0EB74EACAA1}.Release|x86.ActiveCfg = Release|Any CPU
		{E607AA2A-A4A6-48E4-8AAB-B0EB74EACAA1}.Release|x86.Build.0 = Release|Any CPU
		{26006ACD-F19D-4C2A-8864-FE0D6C15B58C}.Debug|Any CPU.ActiveCfg = Debug|Any CPU
		{26006ACD-F19D-4C2A-8864-FE0D6C15B58C}.Debug|Any CPU.Build.0 = Debug|Any CPU
		{26006ACD-F19D-4C2A-8864-FE0D6C15B58C}.Debug|x64.ActiveCfg = Debug|Any CPU
		{26006ACD-F19D-4C2A-8864-FE0D6C15B58C}.Debug|x64.Build.0 = Debug|Any CPU
		{26006ACD-F19D-4C2A-8864-FE0D6C15B58C}.Debug|x86.ActiveCfg = Debug|Any CPU
		{26006ACD-F19D-4C2A-8864-FE0D6C15B58C}.Debug|x86.Build.0 = Debug|Any CPU
		{26006ACD-F19D-4C2A-8864-FE0D6C15B58C}.Release|Any CPU.ActiveCfg = Release|Any CPU
		{26006ACD-F19D-4C2A-8864-FE0D6C15B58C}.Release|Any CPU.Build.0 = Release|Any CPU
		{26006ACD-F19D-4C2A-8864-FE0D6C15B58C}.Release|x64.ActiveCfg = Release|Any CPU
		{26006ACD-F19D-4C2A-8864-FE0D6C15B58C}.Release|x64.Build.0 = Release|Any CPU
		{26006ACD-F19D-4C2A-8864-FE0D6C15B58C}.Release|x86.ActiveCfg = Release|Any CPU
		{26006ACD-F19D-4C2A-8864-FE0D6C15B58C}.Release|x86.Build.0 = Release|Any CPU
		{241D2B07-FFE8-476E-A9C3-0A0E8E8A0E11}.Debug|Any CPU.ActiveCfg = Debug|Any CPU
		{241D2B07-FFE8-476E-A9C3-0A0E8E8A0E11}.Debug|Any CPU.Build.0 = Debug|Any CPU
		{241D2B07-FFE8-476E-A9C3-0A0E8E8A0E11}.Debug|x64.ActiveCfg = Debug|Any CPU
		{241D2B07-FFE8-476E-A9C3-0A0E8E8A0E11}.Debug|x64.Build.0 = Debug|Any CPU
		{241D2B07-FFE8-476E-A9C3-0A0E8E8A0E11}.Debug|x86.ActiveCfg = Debug|Any CPU
		{241D2B07-FFE8-476E-A9C3-0A0E8E8A0E11}.Debug|x86.Build.0 = Debug|Any CPU
		{241D2B07-FFE8-476E-A9C3-0A0E8E8A0E11}.Release|Any CPU.ActiveCfg = Release|Any CPU
		{241D2B07-FFE8-476E-A9C3-0A0E8E8A0E11}.Release|Any CPU.Build.0 = Release|Any CPU
		{241D2B07-FFE8-476E-A9C3-0A0E8E8A0E11}.Release|x64.ActiveCfg = Release|Any CPU
		{241D2B07-FFE8-476E-A9C3-0A0E8E8A0E11}.Release|x64.Build.0 = Release|Any CPU
		{241D2B07-FFE8-476E-A9C3-0A0E8E8A0E11}.Release|x86.ActiveCfg = Release|Any CPU
		{241D2B07-FFE8-476E-A9C3-0A0E8E8A0E11}.Release|x86.Build.0 = Release|Any CPU
		{60A4CADD-2B3D-48ED-89C0-1637A1F111AE}.Debug|Any CPU.ActiveCfg = Debug|Any CPU
		{60A4CADD-2B3D-48ED-89C0-1637A1F111AE}.Debug|Any CPU.Build.0 = Debug|Any CPU
		{60A4CADD-2B3D-48ED-89C0-1637A1F111AE}.Debug|x64.ActiveCfg = Debug|Any CPU
		{60A4CADD-2B3D-48ED-89C0-1637A1F111AE}.Debug|x64.Build.0 = Debug|Any CPU
		{60A4CADD-2B3D-48ED-89C0-1637A1F111AE}.Debug|x86.ActiveCfg = Debug|Any CPU
		{60A4CADD-2B3D-48ED-89C0-1637A1F111AE}.Debug|x86.Build.0 = Debug|Any CPU
		{60A4CADD-2B3D-48ED-89C0-1637A1F111AE}.Release|Any CPU.ActiveCfg = Release|Any CPU
		{60A4CADD-2B3D-48ED-89C0-1637A1F111AE}.Release|Any CPU.Build.0 = Release|Any CPU
		{60A4CADD-2B3D-48ED-89C0-1637A1F111AE}.Release|x64.ActiveCfg = Release|Any CPU
		{60A4CADD-2B3D-48ED-89C0-1637A1F111AE}.Release|x64.Build.0 = Release|Any CPU
		{60A4CADD-2B3D-48ED-89C0-1637A1F111AE}.Release|x86.ActiveCfg = Release|Any CPU
		{60A4CADD-2B3D-48ED-89C0-1637A1F111AE}.Release|x86.Build.0 = Release|Any CPU
		{F78E47DF-8235-4EAC-9A01-C513AB7C7D13}.Debug|Any CPU.ActiveCfg = Debug|Any CPU
		{F78E47DF-8235-4EAC-9A01-C513AB7C7D13}.Debug|Any CPU.Build.0 = Debug|Any CPU
		{F78E47DF-8235-4EAC-9A01-C513AB7C7D13}.Debug|x64.ActiveCfg = Debug|Any CPU
		{F78E47DF-8235-4EAC-9A01-C513AB7C7D13}.Debug|x64.Build.0 = Debug|Any CPU
		{F78E47DF-8235-4EAC-9A01-C513AB7C7D13}.Debug|x86.ActiveCfg = Debug|Any CPU
		{F78E47DF-8235-4EAC-9A01-C513AB7C7D13}.Debug|x86.Build.0 = Debug|Any CPU
		{F78E47DF-8235-4EAC-9A01-C513AB7C7D13}.Release|Any CPU.ActiveCfg = Release|Any CPU
		{F78E47DF-8235-4EAC-9A01-C513AB7C7D13}.Release|Any CPU.Build.0 = Release|Any CPU
		{F78E47DF-8235-4EAC-9A01-C513AB7C7D13}.Release|x64.ActiveCfg = Release|Any CPU
		{F78E47DF-8235-4EAC-9A01-C513AB7C7D13}.Release|x64.Build.0 = Release|Any CPU
		{F78E47DF-8235-4EAC-9A01-C513AB7C7D13}.Release|x86.ActiveCfg = Release|Any CPU
		{F78E47DF-8235-4EAC-9A01-C513AB7C7D13}.Release|x86.Build.0 = Release|Any CPU
	EndGlobalSection
	GlobalSection(SolutionProperties) = preSolution
		HideSolutionNode = FALSE
	EndGlobalSection
	GlobalSection(NestedProjects) = preSolution
		{94ECCBA8-7EBF-4B53-8379-52EB2327417E} = {F0575243-121F-4DEE-9F6B-246E26DC0844}
		{BFF37228-B376-4ADD-9657-4E501F929713} = {F0575243-121F-4DEE-9F6B-246E26DC0844}
		{C7FF6FDB-FB59-4517-8669-521C96AB7323} = {F0575243-121F-4DEE-9F6B-246E26DC0844}
		{1F51C55C-BA4C-4856-9001-0F7924FFB179} = {F0575243-121F-4DEE-9F6B-246E26DC0844}
		{33357599-C79D-4299-888F-634E2C3EACEF} = {F0575243-121F-4DEE-9F6B-246E26DC0844}
		{225CE0D4-06AB-411A-8D29-707504FE53B3} = {F0575243-121F-4DEE-9F6B-246E26DC0844}
		{094245E6-4C94-485D-B5AC-3153E878B112} = {F0575243-121F-4DEE-9F6B-246E26DC0844}
		{6AF8C93B-AA41-4F44-8B1B-B8D166576174} = {F0575243-121F-4DEE-9F6B-246E26DC0844}
		{1EABB956-957F-4C1A-8AC0-FD19C8F3C2F2} = {F0575243-121F-4DEE-9F6B-246E26DC0844}
		{90C081A7-7C1D-4A4A-82B6-8FF473C3EA32} = {F0575243-121F-4DEE-9F6B-246E26DC0844}
		{C3E2CB5C-1517-4C75-B59A-93D4E22BEC8D} = {20595AD4-8D75-4AF8-B6BC-9C38C160423F}
		{57691C7D-683D-46E6-AA4F-57A8C5F65D25} = {F0575243-121F-4DEE-9F6B-246E26DC0844}
		{8622A261-02C6-40CA-9797-E3F01ED87D6B} = {F0575243-121F-4DEE-9F6B-246E26DC0844}
		{75C608C3-ABB4-4168-A229-7F8250B946D1} = {F0575243-121F-4DEE-9F6B-246E26DC0844}
		{6351C70F-F368-46DB-BAED-9B87CCD69353} = {F0575243-121F-4DEE-9F6B-246E26DC0844}
		{45BF6302-6553-4E52-BF0F-B10D1AA9A6D1} = {F0575243-121F-4DEE-9F6B-246E26DC0844}
		{5693761A-754A-40A8-9144-36510D6A4D69} = {F0575243-121F-4DEE-9F6B-246E26DC0844}
		{0EFE694D-0770-4E71-BF4E-EC2B41362F79} = {E0E45070-123C-4A4D-AA98-2A780308876C}
		{2B712A52-40F1-4C1C-833E-7C869ACA91F3} = {F0575243-121F-4DEE-9F6B-246E26DC0844}
		{3716AFDF-0904-4635-8422-86E6B9356840} = {F0575243-121F-4DEE-9F6B-246E26DC0844}
		{0A1AFD26-86A0-4060-B277-D380172C7070} = {F0575243-121F-4DEE-9F6B-246E26DC0844}
		{42792D7F-0BB6-4EE1-A314-8889305A4C48} = {F0575243-121F-4DEE-9F6B-246E26DC0844}
		{2E8E045D-1D9F-43B5-BFBD-7073F60DCEBB} = {42792D7F-0BB6-4EE1-A314-8889305A4C48}
		{E9C02C5A-710C-4A57-A008-E3EAC89305CC} = {42792D7F-0BB6-4EE1-A314-8889305A4C48}
		{F83CB4F1-95B8-45A4-A415-6DB5F8CA1E12} = {42792D7F-0BB6-4EE1-A314-8889305A4C48}
		{CA7AF967-3FA5-4CB1-9564-740CF4527895} = {F0575243-121F-4DEE-9F6B-246E26DC0844}
		{33C7075A-DF97-44FC-8AB3-0CCFBA03341A} = {42792D7F-0BB6-4EE1-A314-8889305A4C48}
		{4C30C028-E97D-4B4C-AD17-C90F338A4DFF} = {F0575243-121F-4DEE-9F6B-246E26DC0844}
		{A0C772BA-C5F4-451D-AA7A-4045F2FA0201} = {F0575243-121F-4DEE-9F6B-246E26DC0844}
		{8428A7DD-29FC-4417-9CA0-B90D34B26AB2} = {A0C772BA-C5F4-451D-AA7A-4045F2FA0201}
		{E607AA2A-A4A6-48E4-8AAB-B0EB74EACAA1} = {F0575243-121F-4DEE-9F6B-246E26DC0844}
		{26006ACD-F19D-4C2A-8864-FE0D6C15B58C} = {EEB25BA6-F77C-41A8-9464-64BB621D1019}
		{241D2B07-FFE8-476E-A9C3-0A0E8E8A0E11} = {EEB25BA6-F77C-41A8-9464-64BB621D1019}
		{F78E47DF-8235-4EAC-9A01-C513AB7C7D13} = {EEB25BA6-F77C-41A8-9464-64BB621D1019}
	EndGlobalSection
	GlobalSection(ExtensibilityGlobals) = postSolution
		SolutionGuid = {5729B071-67A0-48FB-8B1B-275E6822086C}
	EndGlobalSection
EndGlobal
